
Microsoft Visual Studio Solution File, Format Version 12.00
# Visual Studio 15
VisualStudioVersion = 15.0.27130.2010
MinimumVisualStudioVersion = 10.0.40219.1
Project("{9A19103F-16F7-4668-BE54-9A1E7A4F7556}") = "Plugin.HtmlLabel", "src\Plugin.HtmlLabel\Plugin.HtmlLabel.csproj", "{EF38E4A4-A090-42E2-A564-75F7D30A90FA}"
EndProject
Project("{FAE04EC0-301F-11D3-BF4B-00C04F79EFBC}") = "Plugin.HtmlLabel.Android", "src\Plugin.HtmlLabel.Android\Plugin.HtmlLabel.Android.csproj", "{F2041FD7-0E30-4A4B-AF49-368144E46298}"
EndProject
Project("{FAE04EC0-301F-11D3-BF4B-00C04F79EFBC}") = "Plugin.HtmlLabel.iOS", "src\Plugin.HtmlLabel.iOS\Plugin.HtmlLabel.iOS.csproj", "{60A76DC3-7355-45DC-A207-9DBAB6DD1789}"
EndProject
Project("{FAE04EC0-301F-11D3-BF4B-00C04F79EFBC}") = "Plugin.HtmlLabel.UWP", "src\Plugin.HtmlLabel.UWP\Plugin.HtmlLabel.UWP.csproj", "{C3CECD0A-1D65-4B0A-B825-C957A524C9C0}"
EndProject
Global
	GlobalSection(SolutionConfigurationPlatforms) = preSolution
		Debug|Any CPU = Debug|Any CPU
		Debug|ARM = Debug|ARM
		Debug|x64 = Debug|x64
		Debug|x86 = Debug|x86
		Release|Any CPU = Release|Any CPU
		Release|ARM = Release|ARM
		Release|x64 = Release|x64
		Release|x86 = Release|x86
	EndGlobalSection
	GlobalSection(ProjectConfigurationPlatforms) = postSolution
		{EF38E4A4-A090-42E2-A564-75F7D30A90FA}.Debug|Any CPU.ActiveCfg = Debug|Any CPU
		{EF38E4A4-A090-42E2-A564-75F7D30A90FA}.Debug|Any CPU.Build.0 = Debug|Any CPU
		{EF38E4A4-A090-42E2-A564-75F7D30A90FA}.Debug|ARM.ActiveCfg = Debug|Any CPU
		{EF38E4A4-A090-42E2-A564-75F7D30A90FA}.Debug|ARM.Build.0 = Debug|Any CPU
		{EF38E4A4-A090-42E2-A564-75F7D30A90FA}.Debug|x64.ActiveCfg = Debug|Any CPU
		{EF38E4A4-A090-42E2-A564-75F7D30A90FA}.Debug|x64.Build.0 = Debug|Any CPU
		{EF38E4A4-A090-42E2-A564-75F7D30A90FA}.Debug|x86.ActiveCfg = Debug|Any CPU
		{EF38E4A4-A090-42E2-A564-75F7D30A90FA}.Debug|x86.Build.0 = Debug|Any CPU
		{EF38E4A4-A090-42E2-A564-75F7D30A90FA}.Release|Any CPU.ActiveCfg = Release|Any CPU
		{EF38E4A4-A090-42E2-A564-75F7D30A90FA}.Release|Any CPU.Build.0 = Release|Any CPU
		{EF38E4A4-A090-42E2-A564-75F7D30A90FA}.Release|ARM.ActiveCfg = Release|Any CPU
		{EF38E4A4-A090-42E2-A564-75F7D30A90FA}.Release|ARM.Build.0 = Release|Any CPU
		{EF38E4A4-A090-42E2-A564-75F7D30A90FA}.Release|x64.ActiveCfg = Release|Any CPU
		{EF38E4A4-A090-42E2-A564-75F7D30A90FA}.Release|x64.Build.0 = Release|Any CPU
		{EF38E4A4-A090-42E2-A564-75F7D30A90FA}.Release|x86.ActiveCfg = Release|Any CPU
		{EF38E4A4-A090-42E2-A564-75F7D30A90FA}.Release|x86.Build.0 = Release|Any CPU
		{F2041FD7-0E30-4A4B-AF49-368144E46298}.Debug|Any CPU.ActiveCfg = Debug|Any CPU
		{F2041FD7-0E30-4A4B-AF49-368144E46298}.Debug|Any CPU.Build.0 = Debug|Any CPU
		{F2041FD7-0E30-4A4B-AF49-368144E46298}.Debug|ARM.ActiveCfg = Debug|Any CPU
		{F2041FD7-0E30-4A4B-AF49-368144E46298}.Debug|ARM.Build.0 = Debug|Any CPU
		{F2041FD7-0E30-4A4B-AF49-368144E46298}.Debug|x64.ActiveCfg = Debug|Any CPU
		{F2041FD7-0E30-4A4B-AF49-368144E46298}.Debug|x64.Build.0 = Debug|Any CPU
		{F2041FD7-0E30-4A4B-AF49-368144E46298}.Debug|x86.ActiveCfg = Debug|Any CPU
		{F2041FD7-0E30-4A4B-AF49-368144E46298}.Debug|x86.Build.0 = Debug|Any CPU
		{F2041FD7-0E30-4A4B-AF49-368144E46298}.Release|Any CPU.ActiveCfg = Release|Any CPU
		{F2041FD7-0E30-4A4B-AF49-368144E46298}.Release|Any CPU.Build.0 = Release|Any CPU
		{F2041FD7-0E30-4A4B-AF49-368144E46298}.Release|ARM.ActiveCfg = Release|Any CPU
		{F2041FD7-0E30-4A4B-AF49-368144E46298}.Release|ARM.Build.0 = Release|Any CPU
		{F2041FD7-0E30-4A4B-AF49-368144E46298}.Release|x64.ActiveCfg = Release|Any CPU
		{F2041FD7-0E30-4A4B-AF49-368144E46298}.Release|x64.Build.0 = Release|Any CPU
		{F2041FD7-0E30-4A4B-AF49-368144E46298}.Release|x86.ActiveCfg = Release|Any CPU
		{F2041FD7-0E30-4A4B-AF49-368144E46298}.Release|x86.Build.0 = Release|Any CPU
		{60A76DC3-7355-45DC-A207-9DBAB6DD1789}.Debug|Any CPU.ActiveCfg = Debug|Any CPU
		{60A76DC3-7355-45DC-A207-9DBAB6DD1789}.Debug|Any CPU.Build.0 = Debug|Any CPU
		{60A76DC3-7355-45DC-A207-9DBAB6DD1789}.Debug|ARM.ActiveCfg = Debug|Any CPU
		{60A76DC3-7355-45DC-A207-9DBAB6DD1789}.Debug|ARM.Build.0 = Debug|Any CPU
		{60A76DC3-7355-45DC-A207-9DBAB6DD1789}.Debug|x64.ActiveCfg = Debug|Any CPU
		{60A76DC3-7355-45DC-A207-9DBAB6DD1789}.Debug|x64.Build.0 = Debug|Any CPU
		{60A76DC3-7355-45DC-A207-9DBAB6DD1789}.Debug|x86.ActiveCfg = Debug|Any CPU
		{60A76DC3-7355-45DC-A207-9DBAB6DD1789}.Debug|x86.Build.0 = Debug|Any CPU
		{60A76DC3-7355-45DC-A207-9DBAB6DD1789}.Release|Any CPU.ActiveCfg = Release|Any CPU
		{60A76DC3-7355-45DC-A207-9DBAB6DD1789}.Release|Any CPU.Build.0 = Release|Any CPU
		{60A76DC3-7355-45DC-A207-9DBAB6DD1789}.Release|ARM.ActiveCfg = Release|Any CPU
		{60A76DC3-7355-45DC-A207-9DBAB6DD1789}.Release|ARM.Build.0 = Release|Any CPU
		{60A76DC3-7355-45DC-A207-9DBAB6DD1789}.Release|x64.ActiveCfg = Release|Any CPU
		{60A76DC3-7355-45DC-A207-9DBAB6DD1789}.Release|x64.Build.0 = Release|Any CPU
		{60A76DC3-7355-45DC-A207-9DBAB6DD1789}.Release|x86.ActiveCfg = Release|Any CPU
		{60A76DC3-7355-45DC-A207-9DBAB6DD1789}.Release|x86.Build.0 = Release|Any CPU
		{C3CECD0A-1D65-4B0A-B825-C957A524C9C0}.Debug|Any CPU.ActiveCfg = Debug|Any CPU
		{C3CECD0A-1D65-4B0A-B825-C957A524C9C0}.Debug|Any CPU.Build.0 = Debug|Any CPU
		{C3CECD0A-1D65-4B0A-B825-C957A524C9C0}.Debug|ARM.ActiveCfg = Debug|ARM
		{C3CECD0A-1D65-4B0A-B825-C957A524C9C0}.Debug|ARM.Build.0 = Debug|ARM
		{C3CECD0A-1D65-4B0A-B825-C957A524C9C0}.Debug|x64.ActiveCfg = Debug|x64
		{C3CECD0A-1D65-4B0A-B825-C957A524C9C0}.Debug|x64.Build.0 = Debug|x64
		{C3CECD0A-1D65-4B0A-B825-C957A524C9C0}.Debug|x86.ActiveCfg = Debug|x86
		{C3CECD0A-1D65-4B0A-B825-C957A524C9C0}.Debug|x86.Build.0 = Debug|x86
		{C3CECD0A-1D65-4B0A-B825-C957A524C9C0}.Release|Any CPU.ActiveCfg = Release|Any CPU
		{C3CECD0A-1D65-4B0A-B825-C957A524C9C0}.Release|Any CPU.Build.0 = Release|Any CPU
		{C3CECD0A-1D65-4B0A-B825-C957A524C9C0}.Release|ARM.ActiveCfg = Release|ARM
		{C3CECD0A-1D65-4B0A-B825-C957A524C9C0}.Release|ARM.Build.0 = Release|ARM
		{C3CECD0A-1D65-4B0A-B825-C957A524C9C0}.Release|x64.ActiveCfg = Release|x64
		{C3CECD0A-1D65-4B0A-B825-C957A524C9C0}.Release|x64.Build.0 = Release|x64
		{C3CECD0A-1D65-4B0A-B825-C957A524C9C0}.Release|x86.ActiveCfg = Release|x86
		{C3CECD0A-1D65-4B0A-B825-C957A524C9C0}.Release|x86.Build.0 = Release|x86
	EndGlobalSection
	GlobalSection(SolutionProperties) = preSolution
		HideSolutionNode = FALSE
	EndGlobalSection
	GlobalSection(ExtensibilityGlobals) = postSolution
		SolutionGuid = {DB42A913-1705-4E5D-B218-2A7A99C1E503}
	EndGlobalSection
EndGlobal
