
Microsoft Visual Studio Solution File, Format Version 12.00
# Visual Studio 15
VisualStudioVersion = 15.0.27130.2010
MinimumVisualStudioVersion = 10.0.40219.1
Project("{FAE04EC0-301F-11D3-BF4B-00C04F79EFBC}") = "HtmlLabelExample.Android", "HtmlLabelExample\HtmlLabelExample.Android\HtmlLabelExample.Android.csproj", "{6D107517-CCD8-4C13-8B2A-0B3B825FF4A6}"
EndProject
Project("{FAE04EC0-301F-11D3-BF4B-00C04F79EFBC}") = "HtmlLabelExample.iOS", "HtmlLabelExample\HtmlLabelExample.iOS\HtmlLabelExample.iOS.csproj", "{1A13B463-471B-454B-8882-2FE3A1B2F1F8}"
EndProject
Project("{FAE04EC0-301F-11D3-BF4B-00C04F79EFBC}") = "HtmlLabelExample.UWP", "HtmlLabelExample\HtmlLabelExample.UWP\HtmlLabelExample.UWP.csproj", "{6CE86218-6138-4AD6-AD00-CADE6383D63D}"
EndProject
Project("{9A19103F-16F7-4668-BE54-9A1E7A4F7556}") = "HtmlLabelExample", "HtmlLabelExample\HtmlLabelExample\HtmlLabelExample.csproj", "{75B94A54-6900-4079-996F-8F5C08ED1F1F}"
EndProject
Project("{2150E333-8FDC-42A3-9474-1A3956D46DE8}") = "label", "label", "{273587DF-65A1-4027-9498-49BD970B7AA5}"
EndProject
Project("{9A19103F-16F7-4668-BE54-9A1E7A4F7556}") = "Plugin.HtmlLabel", "..\src\Plugin.HtmlLabel\Plugin.HtmlLabel.csproj", "{04CEF0EE-3809-4D19-9787-055DCD81F30D}"
EndProject
Project("{FAE04EC0-301F-11D3-BF4B-00C04F79EFBC}") = "Plugin.HtmlLabel.iOS", "..\src\Plugin.HtmlLabel.iOS\Plugin.HtmlLabel.iOS.csproj", "{60A76DC3-7355-45DC-A207-9DBAB6DD1789}"
EndProject
Project("{FAE04EC0-301F-11D3-BF4B-00C04F79EFBC}") = "Plugin.HtmlLabel.Android", "..\src\Plugin.HtmlLabel.Android\Plugin.HtmlLabel.Android.csproj", "{F2041FD7-0E30-4A4B-AF49-368144E46298}"
EndProject
Project("{FAE04EC0-301F-11D3-BF4B-00C04F79EFBC}") = "Plugin.HtmlLabel.UWP", "..\src\Plugin.HtmlLabel.UWP\Plugin.HtmlLabel.UWP.csproj", "{C3CECD0A-1D65-4B0A-B825-C957A524C9C0}"
EndProject
Global
	GlobalSection(SolutionConfigurationPlatforms) = preSolution
		Ad-Hoc|Any CPU = Ad-Hoc|Any CPU
		Ad-Hoc|ARM = Ad-Hoc|ARM
		Ad-Hoc|iPhone = Ad-Hoc|iPhone
		Ad-Hoc|iPhoneSimulator = Ad-Hoc|iPhoneSimulator
		Ad-Hoc|x64 = Ad-Hoc|x64
		Ad-Hoc|x86 = Ad-Hoc|x86
		AppStore|Any CPU = AppStore|Any CPU
		AppStore|ARM = AppStore|ARM
		AppStore|iPhone = AppStore|iPhone
		AppStore|iPhoneSimulator = AppStore|iPhoneSimulator
		AppStore|x64 = AppStore|x64
		AppStore|x86 = AppStore|x86
		Debug|Any CPU = Debug|Any CPU
		Debug|ARM = Debug|ARM
		Debug|iPhone = Debug|iPhone
		Debug|iPhoneSimulator = Debug|iPhoneSimulator
		Debug|x64 = Debug|x64
		Debug|x86 = Debug|x86
		Release|Any CPU = Release|Any CPU
		Release|ARM = Release|ARM
		Release|iPhone = Release|iPhone
		Release|iPhoneSimulator = Release|iPhoneSimulator
		Release|x64 = Release|x64
		Release|x86 = Release|x86
	EndGlobalSection
	GlobalSection(ProjectConfigurationPlatforms) = postSolution
		{6D107517-CCD8-4C13-8B2A-0B3B825FF4A6}.Ad-Hoc|Any CPU.ActiveCfg = Release|Any CPU
		{6D107517-CCD8-4C13-8B2A-0B3B825FF4A6}.Ad-Hoc|Any CPU.Build.0 = Release|Any CPU
		{6D107517-CCD8-4C13-8B2A-0B3B825FF4A6}.Ad-Hoc|Any CPU.Deploy.0 = Release|Any CPU
		{6D107517-CCD8-4C13-8B2A-0B3B825FF4A6}.Ad-Hoc|ARM.ActiveCfg = Release|Any CPU
		{6D107517-CCD8-4C13-8B2A-0B3B825FF4A6}.Ad-Hoc|ARM.Build.0 = Release|Any CPU
		{6D107517-CCD8-4C13-8B2A-0B3B825FF4A6}.Ad-Hoc|ARM.Deploy.0 = Release|Any CPU
		{6D107517-CCD8-4C13-8B2A-0B3B825FF4A6}.Ad-Hoc|iPhone.ActiveCfg = Release|Any CPU
		{6D107517-CCD8-4C13-8B2A-0B3B825FF4A6}.Ad-Hoc|iPhone.Build.0 = Release|Any CPU
		{6D107517-CCD8-4C13-8B2A-0B3B825FF4A6}.Ad-Hoc|iPhone.Deploy.0 = Release|Any CPU
		{6D107517-CCD8-4C13-8B2A-0B3B825FF4A6}.Ad-Hoc|iPhoneSimulator.ActiveCfg = Release|Any CPU
		{6D107517-CCD8-4C13-8B2A-0B3B825FF4A6}.Ad-Hoc|iPhoneSimulator.Build.0 = Release|Any CPU
		{6D107517-CCD8-4C13-8B2A-0B3B825FF4A6}.Ad-Hoc|iPhoneSimulator.Deploy.0 = Release|Any CPU
		{6D107517-CCD8-4C13-8B2A-0B3B825FF4A6}.Ad-Hoc|x64.ActiveCfg = Release|Any CPU
		{6D107517-CCD8-4C13-8B2A-0B3B825FF4A6}.Ad-Hoc|x64.Build.0 = Release|Any CPU
		{6D107517-CCD8-4C13-8B2A-0B3B825FF4A6}.Ad-Hoc|x64.Deploy.0 = Release|Any CPU
		{6D107517-CCD8-4C13-8B2A-0B3B825FF4A6}.Ad-Hoc|x86.ActiveCfg = Release|Any CPU
		{6D107517-CCD8-4C13-8B2A-0B3B825FF4A6}.Ad-Hoc|x86.Build.0 = Release|Any CPU
		{6D107517-CCD8-4C13-8B2A-0B3B825FF4A6}.Ad-Hoc|x86.Deploy.0 = Release|Any CPU
		{6D107517-CCD8-4C13-8B2A-0B3B825FF4A6}.AppStore|Any CPU.ActiveCfg = Release|Any CPU
		{6D107517-CCD8-4C13-8B2A-0B3B825FF4A6}.AppStore|Any CPU.Build.0 = Release|Any CPU
		{6D107517-CCD8-4C13-8B2A-0B3B825FF4A6}.AppStore|Any CPU.Deploy.0 = Release|Any CPU
		{6D107517-CCD8-4C13-8B2A-0B3B825FF4A6}.AppStore|ARM.ActiveCfg = Release|Any CPU
		{6D107517-CCD8-4C13-8B2A-0B3B825FF4A6}.AppStore|ARM.Build.0 = Release|Any CPU
		{6D107517-CCD8-4C13-8B2A-0B3B825FF4A6}.AppStore|ARM.Deploy.0 = Release|Any CPU
		{6D107517-CCD8-4C13-8B2A-0B3B825FF4A6}.AppStore|iPhone.ActiveCfg = Release|Any CPU
		{6D107517-CCD8-4C13-8B2A-0B3B825FF4A6}.AppStore|iPhone.Build.0 = Release|Any CPU
		{6D107517-CCD8-4C13-8B2A-0B3B825FF4A6}.AppStore|iPhone.Deploy.0 = Release|Any CPU
		{6D107517-CCD8-4C13-8B2A-0B3B825FF4A6}.AppStore|iPhoneSimulator.ActiveCfg = Release|Any CPU
		{6D107517-CCD8-4C13-8B2A-0B3B825FF4A6}.AppStore|iPhoneSimulator.Build.0 = Release|Any CPU
		{6D107517-CCD8-4C13-8B2A-0B3B825FF4A6}.AppStore|iPhoneSimulator.Deploy.0 = Release|Any CPU
		{6D107517-CCD8-4C13-8B2A-0B3B825FF4A6}.AppStore|x64.ActiveCfg = Release|Any CPU
		{6D107517-CCD8-4C13-8B2A-0B3B825FF4A6}.AppStore|x64.Build.0 = Release|Any CPU
		{6D107517-CCD8-4C13-8B2A-0B3B825FF4A6}.AppStore|x64.Deploy.0 = Release|Any CPU
		{6D107517-CCD8-4C13-8B2A-0B3B825FF4A6}.AppStore|x86.ActiveCfg = Release|Any CPU
		{6D107517-CCD8-4C13-8B2A-0B3B825FF4A6}.AppStore|x86.Build.0 = Release|Any CPU
		{6D107517-CCD8-4C13-8B2A-0B3B825FF4A6}.AppStore|x86.Deploy.0 = Release|Any CPU
		{6D107517-CCD8-4C13-8B2A-0B3B825FF4A6}.Debug|Any CPU.ActiveCfg = Debug|Any CPU
		{6D107517-CCD8-4C13-8B2A-0B3B825FF4A6}.Debug|Any CPU.Build.0 = Debug|Any CPU
		{6D107517-CCD8-4C13-8B2A-0B3B825FF4A6}.Debug|Any CPU.Deploy.0 = Debug|Any CPU
		{6D107517-CCD8-4C13-8B2A-0B3B825FF4A6}.Debug|ARM.ActiveCfg = Debug|Any CPU
		{6D107517-CCD8-4C13-8B2A-0B3B825FF4A6}.Debug|ARM.Build.0 = Debug|Any CPU
		{6D107517-CCD8-4C13-8B2A-0B3B825FF4A6}.Debug|ARM.Deploy.0 = Debug|Any CPU
		{6D107517-CCD8-4C13-8B2A-0B3B825FF4A6}.Debug|iPhone.ActiveCfg = Debug|Any CPU
		{6D107517-CCD8-4C13-8B2A-0B3B825FF4A6}.Debug|iPhone.Build.0 = Debug|Any CPU
		{6D107517-CCD8-4C13-8B2A-0B3B825FF4A6}.Debug|iPhone.Deploy.0 = Debug|Any CPU
		{6D107517-CCD8-4C13-8B2A-0B3B825FF4A6}.Debug|iPhoneSimulator.ActiveCfg = Debug|Any CPU
		{6D107517-CCD8-4C13-8B2A-0B3B825FF4A6}.Debug|iPhoneSimulator.Build.0 = Debug|Any CPU
		{6D107517-CCD8-4C13-8B2A-0B3B825FF4A6}.Debug|iPhoneSimulator.Deploy.0 = Debug|Any CPU
		{6D107517-CCD8-4C13-8B2A-0B3B825FF4A6}.Debug|x64.ActiveCfg = Debug|Any CPU
		{6D107517-CCD8-4C13-8B2A-0B3B825FF4A6}.Debug|x64.Build.0 = Debug|Any CPU
		{6D107517-CCD8-4C13-8B2A-0B3B825FF4A6}.Debug|x64.Deploy.0 = Debug|Any CPU
		{6D107517-CCD8-4C13-8B2A-0B3B825FF4A6}.Debug|x86.ActiveCfg = Debug|Any CPU
		{6D107517-CCD8-4C13-8B2A-0B3B825FF4A6}.Debug|x86.Build.0 = Debug|Any CPU
		{6D107517-CCD8-4C13-8B2A-0B3B825FF4A6}.Debug|x86.Deploy.0 = Debug|Any CPU
		{6D107517-CCD8-4C13-8B2A-0B3B825FF4A6}.Release|Any CPU.ActiveCfg = Release|Any CPU
		{6D107517-CCD8-4C13-8B2A-0B3B825FF4A6}.Release|Any CPU.Build.0 = Release|Any CPU
		{6D107517-CCD8-4C13-8B2A-0B3B825FF4A6}.Release|Any CPU.Deploy.0 = Release|Any CPU
		{6D107517-CCD8-4C13-8B2A-0B3B825FF4A6}.Release|ARM.ActiveCfg = Release|Any CPU
		{6D107517-CCD8-4C13-8B2A-0B3B825FF4A6}.Release|ARM.Build.0 = Release|Any CPU
		{6D107517-CCD8-4C13-8B2A-0B3B825FF4A6}.Release|ARM.Deploy.0 = Release|Any CPU
		{6D107517-CCD8-4C13-8B2A-0B3B825FF4A6}.Release|iPhone.ActiveCfg = Release|Any CPU
		{6D107517-CCD8-4C13-8B2A-0B3B825FF4A6}.Release|iPhone.Build.0 = Release|Any CPU
		{6D107517-CCD8-4C13-8B2A-0B3B825FF4A6}.Release|iPhone.Deploy.0 = Release|Any CPU
		{6D107517-CCD8-4C13-8B2A-0B3B825FF4A6}.Release|iPhoneSimulator.ActiveCfg = Release|Any CPU
		{6D107517-CCD8-4C13-8B2A-0B3B825FF4A6}.Release|iPhoneSimulator.Build.0 = Release|Any CPU
		{6D107517-CCD8-4C13-8B2A-0B3B825FF4A6}.Release|iPhoneSimulator.Deploy.0 = Release|Any CPU
		{6D107517-CCD8-4C13-8B2A-0B3B825FF4A6}.Release|x64.ActiveCfg = Release|Any CPU
		{6D107517-CCD8-4C13-8B2A-0B3B825FF4A6}.Release|x64.Build.0 = Release|Any CPU
		{6D107517-CCD8-4C13-8B2A-0B3B825FF4A6}.Release|x64.Deploy.0 = Release|Any CPU
		{6D107517-CCD8-4C13-8B2A-0B3B825FF4A6}.Release|x86.ActiveCfg = Release|Any CPU
		{6D107517-CCD8-4C13-8B2A-0B3B825FF4A6}.Release|x86.Build.0 = Release|Any CPU
		{6D107517-CCD8-4C13-8B2A-0B3B825FF4A6}.Release|x86.Deploy.0 = Release|Any CPU
		{1A13B463-471B-454B-8882-2FE3A1B2F1F8}.Ad-Hoc|Any CPU.ActiveCfg = Ad-Hoc|iPhone
		{1A13B463-471B-454B-8882-2FE3A1B2F1F8}.Ad-Hoc|ARM.ActiveCfg = Ad-Hoc|iPhone
		{1A13B463-471B-454B-8882-2FE3A1B2F1F8}.Ad-Hoc|iPhone.ActiveCfg = Ad-Hoc|iPhone
		{1A13B463-471B-454B-8882-2FE3A1B2F1F8}.Ad-Hoc|iPhone.Build.0 = Ad-Hoc|iPhone
		{1A13B463-471B-454B-8882-2FE3A1B2F1F8}.Ad-Hoc|iPhoneSimulator.ActiveCfg = Ad-Hoc|iPhoneSimulator
		{1A13B463-471B-454B-8882-2FE3A1B2F1F8}.Ad-Hoc|iPhoneSimulator.Build.0 = Ad-Hoc|iPhoneSimulator
		{1A13B463-471B-454B-8882-2FE3A1B2F1F8}.Ad-Hoc|x64.ActiveCfg = Ad-Hoc|iPhone
		{1A13B463-471B-454B-8882-2FE3A1B2F1F8}.Ad-Hoc|x86.ActiveCfg = Ad-Hoc|iPhone
		{1A13B463-471B-454B-8882-2FE3A1B2F1F8}.AppStore|Any CPU.ActiveCfg = AppStore|iPhone
		{1A13B463-471B-454B-8882-2FE3A1B2F1F8}.AppStore|ARM.ActiveCfg = AppStore|iPhone
		{1A13B463-471B-454B-8882-2FE3A1B2F1F8}.AppStore|iPhone.ActiveCfg = AppStore|iPhone
		{1A13B463-471B-454B-8882-2FE3A1B2F1F8}.AppStore|iPhone.Build.0 = AppStore|iPhone
		{1A13B463-471B-454B-8882-2FE3A1B2F1F8}.AppStore|iPhoneSimulator.ActiveCfg = AppStore|iPhoneSimulator
		{1A13B463-471B-454B-8882-2FE3A1B2F1F8}.AppStore|iPhoneSimulator.Build.0 = AppStore|iPhoneSimulator
		{1A13B463-471B-454B-8882-2FE3A1B2F1F8}.AppStore|x64.ActiveCfg = AppStore|iPhone
		{1A13B463-471B-454B-8882-2FE3A1B2F1F8}.AppStore|x86.ActiveCfg = AppStore|iPhone
		{1A13B463-471B-454B-8882-2FE3A1B2F1F8}.Debug|Any CPU.ActiveCfg = Debug|iPhone
		{1A13B463-471B-454B-8882-2FE3A1B2F1F8}.Debug|ARM.ActiveCfg = Debug|iPhone
		{1A13B463-471B-454B-8882-2FE3A1B2F1F8}.Debug|iPhone.ActiveCfg = Debug|iPhone
		{1A13B463-471B-454B-8882-2FE3A1B2F1F8}.Debug|iPhone.Build.0 = Debug|iPhone
		{1A13B463-471B-454B-8882-2FE3A1B2F1F8}.Debug|iPhoneSimulator.ActiveCfg = Debug|iPhoneSimulator
		{1A13B463-471B-454B-8882-2FE3A1B2F1F8}.Debug|iPhoneSimulator.Build.0 = Debug|iPhoneSimulator
		{1A13B463-471B-454B-8882-2FE3A1B2F1F8}.Debug|x64.ActiveCfg = Debug|iPhone
		{1A13B463-471B-454B-8882-2FE3A1B2F1F8}.Debug|x86.ActiveCfg = Debug|iPhone
		{1A13B463-471B-454B-8882-2FE3A1B2F1F8}.Release|Any CPU.ActiveCfg = Release|iPhone
		{1A13B463-471B-454B-8882-2FE3A1B2F1F8}.Release|ARM.ActiveCfg = Release|iPhone
		{1A13B463-471B-454B-8882-2FE3A1B2F1F8}.Release|iPhone.ActiveCfg = Release|iPhone
		{1A13B463-471B-454B-8882-2FE3A1B2F1F8}.Release|iPhone.Build.0 = Release|iPhone
		{1A13B463-471B-454B-8882-2FE3A1B2F1F8}.Release|iPhoneSimulator.ActiveCfg = Release|iPhoneSimulator
		{1A13B463-471B-454B-8882-2FE3A1B2F1F8}.Release|iPhoneSimulator.Build.0 = Release|iPhoneSimulator
		{1A13B463-471B-454B-8882-2FE3A1B2F1F8}.Release|x64.ActiveCfg = Release|iPhone
		{1A13B463-471B-454B-8882-2FE3A1B2F1F8}.Release|x86.ActiveCfg = Release|iPhone
		{6CE86218-6138-4AD6-AD00-CADE6383D63D}.Ad-Hoc|Any CPU.ActiveCfg = Release|x86
		{6CE86218-6138-4AD6-AD00-CADE6383D63D}.Ad-Hoc|Any CPU.Build.0 = Release|x86
		{6CE86218-6138-4AD6-AD00-CADE6383D63D}.Ad-Hoc|Any CPU.Deploy.0 = Release|x86
		{6CE86218-6138-4AD6-AD00-CADE6383D63D}.Ad-Hoc|ARM.ActiveCfg = Release|ARM
		{6CE86218-6138-4AD6-AD00-CADE6383D63D}.Ad-Hoc|ARM.Build.0 = Release|ARM
		{6CE86218-6138-4AD6-AD00-CADE6383D63D}.Ad-Hoc|ARM.Deploy.0 = Release|ARM
		{6CE86218-6138-4AD6-AD00-CADE6383D63D}.Ad-Hoc|iPhone.ActiveCfg = Release|x86
		{6CE86218-6138-4AD6-AD00-CADE6383D63D}.Ad-Hoc|iPhone.Build.0 = Release|x86
		{6CE86218-6138-4AD6-AD00-CADE6383D63D}.Ad-Hoc|iPhone.Deploy.0 = Release|x86
		{6CE86218-6138-4AD6-AD00-CADE6383D63D}.Ad-Hoc|iPhoneSimulator.ActiveCfg = Release|x86
		{6CE86218-6138-4AD6-AD00-CADE6383D63D}.Ad-Hoc|iPhoneSimulator.Build.0 = Release|x86
		{6CE86218-6138-4AD6-AD00-CADE6383D63D}.Ad-Hoc|iPhoneSimulator.Deploy.0 = Release|x86
		{6CE86218-6138-4AD6-AD00-CADE6383D63D}.Ad-Hoc|x64.ActiveCfg = Release|x64
		{6CE86218-6138-4AD6-AD00-CADE6383D63D}.Ad-Hoc|x64.Build.0 = Release|x64
		{6CE86218-6138-4AD6-AD00-CADE6383D63D}.Ad-Hoc|x64.Deploy.0 = Release|x64
		{6CE86218-6138-4AD6-AD00-CADE6383D63D}.Ad-Hoc|x86.ActiveCfg = Release|x86
		{6CE86218-6138-4AD6-AD00-CADE6383D63D}.Ad-Hoc|x86.Build.0 = Release|x86
		{6CE86218-6138-4AD6-AD00-CADE6383D63D}.Ad-Hoc|x86.Deploy.0 = Release|x86
		{6CE86218-6138-4AD6-AD00-CADE6383D63D}.AppStore|Any CPU.ActiveCfg = Release|x86
		{6CE86218-6138-4AD6-AD00-CADE6383D63D}.AppStore|Any CPU.Build.0 = Release|x86
		{6CE86218-6138-4AD6-AD00-CADE6383D63D}.AppStore|Any CPU.Deploy.0 = Release|x86
		{6CE86218-6138-4AD6-AD00-CADE6383D63D}.AppStore|ARM.ActiveCfg = Release|ARM
		{6CE86218-6138-4AD6-AD00-CADE6383D63D}.AppStore|ARM.Build.0 = Release|ARM
		{6CE86218-6138-4AD6-AD00-CADE6383D63D}.AppStore|ARM.Deploy.0 = Release|ARM
		{6CE86218-6138-4AD6-AD00-CADE6383D63D}.AppStore|iPhone.ActiveCfg = Release|x86
		{6CE86218-6138-4AD6-AD00-CADE6383D63D}.AppStore|iPhone.Build.0 = Release|x86
		{6CE86218-6138-4AD6-AD00-CADE6383D63D}.AppStore|iPhone.Deploy.0 = Release|x86
		{6CE86218-6138-4AD6-AD00-CADE6383D63D}.AppStore|iPhoneSimulator.ActiveCfg = Release|x86
		{6CE86218-6138-4AD6-AD00-CADE6383D63D}.AppStore|iPhoneSimulator.Build.0 = Release|x86
		{6CE86218-6138-4AD6-AD00-CADE6383D63D}.AppStore|iPhoneSimulator.Deploy.0 = Release|x86
		{6CE86218-6138-4AD6-AD00-CADE6383D63D}.AppStore|x64.ActiveCfg = Release|x64
		{6CE86218-6138-4AD6-AD00-CADE6383D63D}.AppStore|x64.Build.0 = Release|x64
		{6CE86218-6138-4AD6-AD00-CADE6383D63D}.AppStore|x64.Deploy.0 = Release|x64
		{6CE86218-6138-4AD6-AD00-CADE6383D63D}.AppStore|x86.ActiveCfg = Release|x86
		{6CE86218-6138-4AD6-AD00-CADE6383D63D}.AppStore|x86.Build.0 = Release|x86
		{6CE86218-6138-4AD6-AD00-CADE6383D63D}.AppStore|x86.Deploy.0 = Release|x86
		{6CE86218-6138-4AD6-AD00-CADE6383D63D}.Debug|Any CPU.ActiveCfg = Debug|x86
		{6CE86218-6138-4AD6-AD00-CADE6383D63D}.Debug|ARM.ActiveCfg = Debug|ARM
		{6CE86218-6138-4AD6-AD00-CADE6383D63D}.Debug|ARM.Build.0 = Debug|ARM
		{6CE86218-6138-4AD6-AD00-CADE6383D63D}.Debug|ARM.Deploy.0 = Debug|ARM
		{6CE86218-6138-4AD6-AD00-CADE6383D63D}.Debug|iPhone.ActiveCfg = Debug|x86
		{6CE86218-6138-4AD6-AD00-CADE6383D63D}.Debug|iPhoneSimulator.ActiveCfg = Debug|x86
		{6CE86218-6138-4AD6-AD00-CADE6383D63D}.Debug|x64.ActiveCfg = Debug|x64
		{6CE86218-6138-4AD6-AD00-CADE6383D63D}.Debug|x64.Build.0 = Debug|x64
		{6CE86218-6138-4AD6-AD00-CADE6383D63D}.Debug|x64.Deploy.0 = Debug|x64
		{6CE86218-6138-4AD6-AD00-CADE6383D63D}.Debug|x86.ActiveCfg = Debug|x86
		{6CE86218-6138-4AD6-AD00-CADE6383D63D}.Debug|x86.Build.0 = Debug|x86
		{6CE86218-6138-4AD6-AD00-CADE6383D63D}.Debug|x86.Deploy.0 = Debug|x86
		{6CE86218-6138-4AD6-AD00-CADE6383D63D}.Release|Any CPU.ActiveCfg = Release|x86
		{6CE86218-6138-4AD6-AD00-CADE6383D63D}.Release|ARM.ActiveCfg = Release|ARM
		{6CE86218-6138-4AD6-AD00-CADE6383D63D}.Release|ARM.Build.0 = Release|ARM
		{6CE86218-6138-4AD6-AD00-CADE6383D63D}.Release|ARM.Deploy.0 = Release|ARM
		{6CE86218-6138-4AD6-AD00-CADE6383D63D}.Release|iPhone.ActiveCfg = Release|x86
		{6CE86218-6138-4AD6-AD00-CADE6383D63D}.Release|iPhoneSimulator.ActiveCfg = Release|x86
		{6CE86218-6138-4AD6-AD00-CADE6383D63D}.Release|x64.ActiveCfg = Release|x64
		{6CE86218-6138-4AD6-AD00-CADE6383D63D}.Release|x64.Build.0 = Release|x64
		{6CE86218-6138-4AD6-AD00-CADE6383D63D}.Release|x64.Deploy.0 = Release|x64
		{6CE86218-6138-4AD6-AD00-CADE6383D63D}.Release|x86.ActiveCfg = Release|x86
		{6CE86218-6138-4AD6-AD00-CADE6383D63D}.Release|x86.Build.0 = Release|x86
		{6CE86218-6138-4AD6-AD00-CADE6383D63D}.Release|x86.Deploy.0 = Release|x86
		{75B94A54-6900-4079-996F-8F5C08ED1F1F}.Ad-Hoc|Any CPU.ActiveCfg = Debug|Any CPU
		{75B94A54-6900-4079-996F-8F5C08ED1F1F}.Ad-Hoc|Any CPU.Build.0 = Debug|Any CPU
		{75B94A54-6900-4079-996F-8F5C08ED1F1F}.Ad-Hoc|ARM.ActiveCfg = Debug|Any CPU
		{75B94A54-6900-4079-996F-8F5C08ED1F1F}.Ad-Hoc|ARM.Build.0 = Debug|Any CPU
		{75B94A54-6900-4079-996F-8F5C08ED1F1F}.Ad-Hoc|iPhone.ActiveCfg = Debug|Any CPU
		{75B94A54-6900-4079-996F-8F5C08ED1F1F}.Ad-Hoc|iPhone.Build.0 = Debug|Any CPU
		{75B94A54-6900-4079-996F-8F5C08ED1F1F}.Ad-Hoc|iPhoneSimulator.ActiveCfg = Debug|Any CPU
		{75B94A54-6900-4079-996F-8F5C08ED1F1F}.Ad-Hoc|iPhoneSimulator.Build.0 = Debug|Any CPU
		{75B94A54-6900-4079-996F-8F5C08ED1F1F}.Ad-Hoc|x64.ActiveCfg = Debug|Any CPU
		{75B94A54-6900-4079-996F-8F5C08ED1F1F}.Ad-Hoc|x64.Build.0 = Debug|Any CPU
		{75B94A54-6900-4079-996F-8F5C08ED1F1F}.Ad-Hoc|x86.ActiveCfg = Debug|Any CPU
		{75B94A54-6900-4079-996F-8F5C08ED1F1F}.Ad-Hoc|x86.Build.0 = Debug|Any CPU
		{75B94A54-6900-4079-996F-8F5C08ED1F1F}.AppStore|Any CPU.ActiveCfg = Debug|Any CPU
		{75B94A54-6900-4079-996F-8F5C08ED1F1F}.AppStore|Any CPU.Build.0 = Debug|Any CPU
		{75B94A54-6900-4079-996F-8F5C08ED1F1F}.AppStore|ARM.ActiveCfg = Debug|Any CPU
		{75B94A54-6900-4079-996F-8F5C08ED1F1F}.AppStore|ARM.Build.0 = Debug|Any CPU
		{75B94A54-6900-4079-996F-8F5C08ED1F1F}.AppStore|iPhone.ActiveCfg = Debug|Any CPU
		{75B94A54-6900-4079-996F-8F5C08ED1F1F}.AppStore|iPhone.Build.0 = Debug|Any CPU
		{75B94A54-6900-4079-996F-8F5C08ED1F1F}.AppStore|iPhoneSimulator.ActiveCfg = Debug|Any CPU
		{75B94A54-6900-4079-996F-8F5C08ED1F1F}.AppStore|iPhoneSimulator.Build.0 = Debug|Any CPU
		{75B94A54-6900-4079-996F-8F5C08ED1F1F}.AppStore|x64.ActiveCfg = Debug|Any CPU
		{75B94A54-6900-4079-996F-8F5C08ED1F1F}.AppStore|x64.Build.0 = Debug|Any CPU
		{75B94A54-6900-4079-996F-8F5C08ED1F1F}.AppStore|x86.ActiveCfg = Debug|Any CPU
		{75B94A54-6900-4079-996F-8F5C08ED1F1F}.AppStore|x86.Build.0 = Debug|Any CPU
		{75B94A54-6900-4079-996F-8F5C08ED1F1F}.Debug|Any CPU.ActiveCfg = Debug|Any CPU
		{75B94A54-6900-4079-996F-8F5C08ED1F1F}.Debug|Any CPU.Build.0 = Debug|Any CPU
		{75B94A54-6900-4079-996F-8F5C08ED1F1F}.Debug|ARM.ActiveCfg = Debug|Any CPU
		{75B94A54-6900-4079-996F-8F5C08ED1F1F}.Debug|ARM.Build.0 = Debug|Any CPU
		{75B94A54-6900-4079-996F-8F5C08ED1F1F}.Debug|iPhone.ActiveCfg = Debug|Any CPU
		{75B94A54-6900-4079-996F-8F5C08ED1F1F}.Debug|iPhone.Build.0 = Debug|Any CPU
		{75B94A54-6900-4079-996F-8F5C08ED1F1F}.Debug|iPhoneSimulator.ActiveCfg = Debug|Any CPU
		{75B94A54-6900-4079-996F-8F5C08ED1F1F}.Debug|iPhoneSimulator.Build.0 = Debug|Any CPU
		{75B94A54-6900-4079-996F-8F5C08ED1F1F}.Debug|x64.ActiveCfg = Debug|Any CPU
		{75B94A54-6900-4079-996F-8F5C08ED1F1F}.Debug|x64.Build.0 = Debug|Any CPU
		{75B94A54-6900-4079-996F-8F5C08ED1F1F}.Debug|x86.ActiveCfg = Debug|Any CPU
		{75B94A54-6900-4079-996F-8F5C08ED1F1F}.Debug|x86.Build.0 = Debug|Any CPU
		{75B94A54-6900-4079-996F-8F5C08ED1F1F}.Release|Any CPU.ActiveCfg = Release|Any CPU
		{75B94A54-6900-4079-996F-8F5C08ED1F1F}.Release|Any CPU.Build.0 = Release|Any CPU
		{75B94A54-6900-4079-996F-8F5C08ED1F1F}.Release|ARM.ActiveCfg = Release|Any CPU
		{75B94A54-6900-4079-996F-8F5C08ED1F1F}.Release|ARM.Build.0 = Release|Any CPU
		{75B94A54-6900-4079-996F-8F5C08ED1F1F}.Release|iPhone.ActiveCfg = Release|Any CPU
		{75B94A54-6900-4079-996F-8F5C08ED1F1F}.Release|iPhone.Build.0 = Release|Any CPU
		{75B94A54-6900-4079-996F-8F5C08ED1F1F}.Release|iPhoneSimulator.ActiveCfg = Release|Any CPU
		{75B94A54-6900-4079-996F-8F5C08ED1F1F}.Release|iPhoneSimulator.Build.0 = Release|Any CPU
		{75B94A54-6900-4079-996F-8F5C08ED1F1F}.Release|x64.ActiveCfg = Release|Any CPU
		{75B94A54-6900-4079-996F-8F5C08ED1F1F}.Release|x64.Build.0 = Release|Any CPU
		{75B94A54-6900-4079-996F-8F5C08ED1F1F}.Release|x86.ActiveCfg = Release|Any CPU
		{75B94A54-6900-4079-996F-8F5C08ED1F1F}.Release|x86.Build.0 = Release|Any CPU
		{04CEF0EE-3809-4D19-9787-055DCD81F30D}.Ad-Hoc|Any CPU.ActiveCfg = Debug|Any CPU
		{04CEF0EE-3809-4D19-9787-055DCD81F30D}.Ad-Hoc|Any CPU.Build.0 = Debug|Any CPU
		{04CEF0EE-3809-4D19-9787-055DCD81F30D}.Ad-Hoc|ARM.ActiveCfg = Debug|Any CPU
		{04CEF0EE-3809-4D19-9787-055DCD81F30D}.Ad-Hoc|ARM.Build.0 = Debug|Any CPU
		{04CEF0EE-3809-4D19-9787-055DCD81F30D}.Ad-Hoc|iPhone.ActiveCfg = Debug|Any CPU
		{04CEF0EE-3809-4D19-9787-055DCD81F30D}.Ad-Hoc|iPhone.Build.0 = Debug|Any CPU
		{04CEF0EE-3809-4D19-9787-055DCD81F30D}.Ad-Hoc|iPhoneSimulator.ActiveCfg = Debug|Any CPU
		{04CEF0EE-3809-4D19-9787-055DCD81F30D}.Ad-Hoc|iPhoneSimulator.Build.0 = Debug|Any CPU
		{04CEF0EE-3809-4D19-9787-055DCD81F30D}.Ad-Hoc|x64.ActiveCfg = Debug|Any CPU
		{04CEF0EE-3809-4D19-9787-055DCD81F30D}.Ad-Hoc|x64.Build.0 = Debug|Any CPU
		{04CEF0EE-3809-4D19-9787-055DCD81F30D}.Ad-Hoc|x86.ActiveCfg = Debug|Any CPU
		{04CEF0EE-3809-4D19-9787-055DCD81F30D}.Ad-Hoc|x86.Build.0 = Debug|Any CPU
		{04CEF0EE-3809-4D19-9787-055DCD81F30D}.AppStore|Any CPU.ActiveCfg = Debug|Any CPU
		{04CEF0EE-3809-4D19-9787-055DCD81F30D}.AppStore|Any CPU.Build.0 = Debug|Any CPU
		{04CEF0EE-3809-4D19-9787-055DCD81F30D}.AppStore|ARM.ActiveCfg = Debug|Any CPU
		{04CEF0EE-3809-4D19-9787-055DCD81F30D}.AppStore|ARM.Build.0 = Debug|Any CPU
		{04CEF0EE-3809-4D19-9787-055DCD81F30D}.AppStore|iPhone.ActiveCfg = Debug|Any CPU
		{04CEF0EE-3809-4D19-9787-055DCD81F30D}.AppStore|iPhone.Build.0 = Debug|Any CPU
		{04CEF0EE-3809-4D19-9787-055DCD81F30D}.AppStore|iPhoneSimulator.ActiveCfg = Debug|Any CPU
		{04CEF0EE-3809-4D19-9787-055DCD81F30D}.AppStore|iPhoneSimulator.Build.0 = Debug|Any CPU
		{04CEF0EE-3809-4D19-9787-055DCD81F30D}.AppStore|x64.ActiveCfg = Debug|Any CPU
		{04CEF0EE-3809-4D19-9787-055DCD81F30D}.AppStore|x64.Build.0 = Debug|Any CPU
		{04CEF0EE-3809-4D19-9787-055DCD81F30D}.AppStore|x86.ActiveCfg = Debug|Any CPU
		{04CEF0EE-3809-4D19-9787-055DCD81F30D}.AppStore|x86.Build.0 = Debug|Any CPU
		{04CEF0EE-3809-4D19-9787-055DCD81F30D}.Debug|Any CPU.ActiveCfg = Debug|Any CPU
		{04CEF0EE-3809-4D19-9787-055DCD81F30D}.Debug|Any CPU.Build.0 = Debug|Any CPU
		{04CEF0EE-3809-4D19-9787-055DCD81F30D}.Debug|ARM.ActiveCfg = Debug|Any CPU
		{04CEF0EE-3809-4D19-9787-055DCD81F30D}.Debug|ARM.Build.0 = Debug|Any CPU
		{04CEF0EE-3809-4D19-9787-055DCD81F30D}.Debug|iPhone.ActiveCfg = Debug|Any CPU
		{04CEF0EE-3809-4D19-9787-055DCD81F30D}.Debug|iPhone.Build.0 = Debug|Any CPU
		{04CEF0EE-3809-4D19-9787-055DCD81F30D}.Debug|iPhoneSimulator.ActiveCfg = Debug|Any CPU
		{04CEF0EE-3809-4D19-9787-055DCD81F30D}.Debug|iPhoneSimulator.Build.0 = Debug|Any CPU
		{04CEF0EE-3809-4D19-9787-055DCD81F30D}.Debug|x64.ActiveCfg = Debug|Any CPU
		{04CEF0EE-3809-4D19-9787-055DCD81F30D}.Debug|x64.Build.0 = Debug|Any CPU
		{04CEF0EE-3809-4D19-9787-055DCD81F30D}.Debug|x86.ActiveCfg = Debug|Any CPU
		{04CEF0EE-3809-4D19-9787-055DCD81F30D}.Debug|x86.Build.0 = Debug|Any CPU
		{04CEF0EE-3809-4D19-9787-055DCD81F30D}.Release|Any CPU.ActiveCfg = Release|Any CPU
		{04CEF0EE-3809-4D19-9787-055DCD81F30D}.Release|Any CPU.Build.0 = Release|Any CPU
		{04CEF0EE-3809-4D19-9787-055DCD81F30D}.Release|ARM.ActiveCfg = Release|Any CPU
		{04CEF0EE-3809-4D19-9787-055DCD81F30D}.Release|ARM.Build.0 = Release|Any CPU
		{04CEF0EE-3809-4D19-9787-055DCD81F30D}.Release|iPhone.ActiveCfg = Release|Any CPU
		{04CEF0EE-3809-4D19-9787-055DCD81F30D}.Release|iPhone.Build.0 = Release|Any CPU
		{04CEF0EE-3809-4D19-9787-055DCD81F30D}.Release|iPhoneSimulator.ActiveCfg = Release|Any CPU
		{04CEF0EE-3809-4D19-9787-055DCD81F30D}.Release|iPhoneSimulator.Build.0 = Release|Any CPU
		{04CEF0EE-3809-4D19-9787-055DCD81F30D}.Release|x64.ActiveCfg = Release|Any CPU
		{04CEF0EE-3809-4D19-9787-055DCD81F30D}.Release|x64.Build.0 = Release|Any CPU
		{04CEF0EE-3809-4D19-9787-055DCD81F30D}.Release|x86.ActiveCfg = Release|Any CPU
		{04CEF0EE-3809-4D19-9787-055DCD81F30D}.Release|x86.Build.0 = Release|Any CPU
		{60A76DC3-7355-45DC-A207-9DBAB6DD1789}.Ad-Hoc|Any CPU.ActiveCfg = Release|Any CPU
		{60A76DC3-7355-45DC-A207-9DBAB6DD1789}.Ad-Hoc|Any CPU.Build.0 = Release|Any CPU
		{60A76DC3-7355-45DC-A207-9DBAB6DD1789}.Ad-Hoc|ARM.ActiveCfg = Release|Any CPU
		{60A76DC3-7355-45DC-A207-9DBAB6DD1789}.Ad-Hoc|ARM.Build.0 = Release|Any CPU
		{60A76DC3-7355-45DC-A207-9DBAB6DD1789}.Ad-Hoc|iPhone.ActiveCfg = Release|Any CPU
		{60A76DC3-7355-45DC-A207-9DBAB6DD1789}.Ad-Hoc|iPhone.Build.0 = Release|Any CPU
		{60A76DC3-7355-45DC-A207-9DBAB6DD1789}.Ad-Hoc|iPhoneSimulator.ActiveCfg = Release|Any CPU
		{60A76DC3-7355-45DC-A207-9DBAB6DD1789}.Ad-Hoc|iPhoneSimulator.Build.0 = Release|Any CPU
		{60A76DC3-7355-45DC-A207-9DBAB6DD1789}.Ad-Hoc|x64.ActiveCfg = Release|Any CPU
		{60A76DC3-7355-45DC-A207-9DBAB6DD1789}.Ad-Hoc|x64.Build.0 = Release|Any CPU
		{60A76DC3-7355-45DC-A207-9DBAB6DD1789}.Ad-Hoc|x86.ActiveCfg = Release|Any CPU
		{60A76DC3-7355-45DC-A207-9DBAB6DD1789}.Ad-Hoc|x86.Build.0 = Release|Any CPU
		{60A76DC3-7355-45DC-A207-9DBAB6DD1789}.AppStore|Any CPU.ActiveCfg = Release|Any CPU
		{60A76DC3-7355-45DC-A207-9DBAB6DD1789}.AppStore|Any CPU.Build.0 = Release|Any CPU
		{60A76DC3-7355-45DC-A207-9DBAB6DD1789}.AppStore|ARM.ActiveCfg = Release|Any CPU
		{60A76DC3-7355-45DC-A207-9DBAB6DD1789}.AppStore|ARM.Build.0 = Release|Any CPU
		{60A76DC3-7355-45DC-A207-9DBAB6DD1789}.AppStore|iPhone.ActiveCfg = Release|Any CPU
		{60A76DC3-7355-45DC-A207-9DBAB6DD1789}.AppStore|iPhone.Build.0 = Release|Any CPU
		{60A76DC3-7355-45DC-A207-9DBAB6DD1789}.AppStore|iPhoneSimulator.ActiveCfg = Release|Any CPU
		{60A76DC3-7355-45DC-A207-9DBAB6DD1789}.AppStore|iPhoneSimulator.Build.0 = Release|Any CPU
		{60A76DC3-7355-45DC-A207-9DBAB6DD1789}.AppStore|x64.ActiveCfg = Release|Any CPU
		{60A76DC3-7355-45DC-A207-9DBAB6DD1789}.AppStore|x64.Build.0 = Release|Any CPU
		{60A76DC3-7355-45DC-A207-9DBAB6DD1789}.AppStore|x86.ActiveCfg = Release|Any CPU
		{60A76DC3-7355-45DC-A207-9DBAB6DD1789}.AppStore|x86.Build.0 = Release|Any CPU
		{60A76DC3-7355-45DC-A207-9DBAB6DD1789}.Debug|Any CPU.ActiveCfg = Debug|Any CPU
		{60A76DC3-7355-45DC-A207-9DBAB6DD1789}.Debug|Any CPU.Build.0 = Debug|Any CPU
		{60A76DC3-7355-45DC-A207-9DBAB6DD1789}.Debug|ARM.ActiveCfg = Debug|Any CPU
		{60A76DC3-7355-45DC-A207-9DBAB6DD1789}.Debug|ARM.Build.0 = Debug|Any CPU
		{60A76DC3-7355-45DC-A207-9DBAB6DD1789}.Debug|iPhone.ActiveCfg = Debug|Any CPU
		{60A76DC3-7355-45DC-A207-9DBAB6DD1789}.Debug|iPhone.Build.0 = Debug|Any CPU
		{60A76DC3-7355-45DC-A207-9DBAB6DD1789}.Debug|iPhoneSimulator.ActiveCfg = Debug|Any CPU
		{60A76DC3-7355-45DC-A207-9DBAB6DD1789}.Debug|iPhoneSimulator.Build.0 = Debug|Any CPU
		{60A76DC3-7355-45DC-A207-9DBAB6DD1789}.Debug|x64.ActiveCfg = Debug|Any CPU
		{60A76DC3-7355-45DC-A207-9DBAB6DD1789}.Debug|x64.Build.0 = Debug|Any CPU
		{60A76DC3-7355-45DC-A207-9DBAB6DD1789}.Debug|x86.ActiveCfg = Debug|Any CPU
		{60A76DC3-7355-45DC-A207-9DBAB6DD1789}.Debug|x86.Build.0 = Debug|Any CPU
		{60A76DC3-7355-45DC-A207-9DBAB6DD1789}.Release|Any CPU.ActiveCfg = Release|Any CPU
		{60A76DC3-7355-45DC-A207-9DBAB6DD1789}.Release|Any CPU.Build.0 = Release|Any CPU
		{60A76DC3-7355-45DC-A207-9DBAB6DD1789}.Release|ARM.ActiveCfg = Release|Any CPU
		{60A76DC3-7355-45DC-A207-9DBAB6DD1789}.Release|ARM.Build.0 = Release|Any CPU
		{60A76DC3-7355-45DC-A207-9DBAB6DD1789}.Release|iPhone.ActiveCfg = Release|Any CPU
		{60A76DC3-7355-45DC-A207-9DBAB6DD1789}.Release|iPhone.Build.0 = Release|Any CPU
		{60A76DC3-7355-45DC-A207-9DBAB6DD1789}.Release|iPhoneSimulator.ActiveCfg = Release|Any CPU
		{60A76DC3-7355-45DC-A207-9DBAB6DD1789}.Release|iPhoneSimulator.Build.0 = Release|Any CPU
		{60A76DC3-7355-45DC-A207-9DBAB6DD1789}.Release|x64.ActiveCfg = Release|Any CPU
		{60A76DC3-7355-45DC-A207-9DBAB6DD1789}.Release|x64.Build.0 = Release|Any CPU
		{60A76DC3-7355-45DC-A207-9DBAB6DD1789}.Release|x86.ActiveCfg = Release|Any CPU
		{60A76DC3-7355-45DC-A207-9DBAB6DD1789}.Release|x86.Build.0 = Release|Any CPU
		{F2041FD7-0E30-4A4B-AF49-368144E46298}.Ad-Hoc|Any CPU.ActiveCfg = Release|Any CPU
		{F2041FD7-0E30-4A4B-AF49-368144E46298}.Ad-Hoc|Any CPU.Build.0 = Release|Any CPU
		{F2041FD7-0E30-4A4B-AF49-368144E46298}.Ad-Hoc|ARM.ActiveCfg = Release|Any CPU
		{F2041FD7-0E30-4A4B-AF49-368144E46298}.Ad-Hoc|ARM.Build.0 = Release|Any CPU
		{F2041FD7-0E30-4A4B-AF49-368144E46298}.Ad-Hoc|iPhone.ActiveCfg = Release|Any CPU
		{F2041FD7-0E30-4A4B-AF49-368144E46298}.Ad-Hoc|iPhone.Build.0 = Release|Any CPU
		{F2041FD7-0E30-4A4B-AF49-368144E46298}.Ad-Hoc|iPhoneSimulator.ActiveCfg = Release|Any CPU
		{F2041FD7-0E30-4A4B-AF49-368144E46298}.Ad-Hoc|iPhoneSimulator.Build.0 = Release|Any CPU
		{F2041FD7-0E30-4A4B-AF49-368144E46298}.Ad-Hoc|x64.ActiveCfg = Release|Any CPU
		{F2041FD7-0E30-4A4B-AF49-368144E46298}.Ad-Hoc|x64.Build.0 = Release|Any CPU
		{F2041FD7-0E30-4A4B-AF49-368144E46298}.Ad-Hoc|x86.ActiveCfg = Release|Any CPU
		{F2041FD7-0E30-4A4B-AF49-368144E46298}.Ad-Hoc|x86.Build.0 = Release|Any CPU
		{F2041FD7-0E30-4A4B-AF49-368144E46298}.AppStore|Any CPU.ActiveCfg = Release|Any CPU
		{F2041FD7-0E30-4A4B-AF49-368144E46298}.AppStore|Any CPU.Build.0 = Release|Any CPU
		{F2041FD7-0E30-4A4B-AF49-368144E46298}.AppStore|ARM.ActiveCfg = Release|Any CPU
		{F2041FD7-0E30-4A4B-AF49-368144E46298}.AppStore|ARM.Build.0 = Release|Any CPU
		{F2041FD7-0E30-4A4B-AF49-368144E46298}.AppStore|iPhone.ActiveCfg = Release|Any CPU
		{F2041FD7-0E30-4A4B-AF49-368144E46298}.AppStore|iPhone.Build.0 = Release|Any CPU
		{F2041FD7-0E30-4A4B-AF49-368144E46298}.AppStore|iPhoneSimulator.ActiveCfg = Release|Any CPU
		{F2041FD7-0E30-4A4B-AF49-368144E46298}.AppStore|iPhoneSimulator.Build.0 = Release|Any CPU
		{F2041FD7-0E30-4A4B-AF49-368144E46298}.AppStore|x64.ActiveCfg = Release|Any CPU
		{F2041FD7-0E30-4A4B-AF49-368144E46298}.AppStore|x64.Build.0 = Release|Any CPU
		{F2041FD7-0E30-4A4B-AF49-368144E46298}.AppStore|x86.ActiveCfg = Release|Any CPU
		{F2041FD7-0E30-4A4B-AF49-368144E46298}.AppStore|x86.Build.0 = Release|Any CPU
		{F2041FD7-0E30-4A4B-AF49-368144E46298}.Debug|Any CPU.ActiveCfg = Debug|Any CPU
		{F2041FD7-0E30-4A4B-AF49-368144E46298}.Debug|Any CPU.Build.0 = Debug|Any CPU
		{F2041FD7-0E30-4A4B-AF49-368144E46298}.Debug|ARM.ActiveCfg = Debug|Any CPU
		{F2041FD7-0E30-4A4B-AF49-368144E46298}.Debug|ARM.Build.0 = Debug|Any CPU
		{F2041FD7-0E30-4A4B-AF49-368144E46298}.Debug|iPhone.ActiveCfg = Debug|Any CPU
		{F2041FD7-0E30-4A4B-AF49-368144E46298}.Debug|iPhone.Build.0 = Debug|Any CPU
		{F2041FD7-0E30-4A4B-AF49-368144E46298}.Debug|iPhoneSimulator.ActiveCfg = Debug|Any CPU
		{F2041FD7-0E30-4A4B-AF49-368144E46298}.Debug|iPhoneSimulator.Build.0 = Debug|Any CPU
		{F2041FD7-0E30-4A4B-AF49-368144E46298}.Debug|x64.ActiveCfg = Debug|Any CPU
		{F2041FD7-0E30-4A4B-AF49-368144E46298}.Debug|x64.Build.0 = Debug|Any CPU
		{F2041FD7-0E30-4A4B-AF49-368144E46298}.Debug|x86.ActiveCfg = Debug|Any CPU
		{F2041FD7-0E30-4A4B-AF49-368144E46298}.Debug|x86.Build.0 = Debug|Any CPU
		{F2041FD7-0E30-4A4B-AF49-368144E46298}.Release|Any CPU.ActiveCfg = Release|Any CPU
		{F2041FD7-0E30-4A4B-AF49-368144E46298}.Release|Any CPU.Build.0 = Release|Any CPU
		{F2041FD7-0E30-4A4B-AF49-368144E46298}.Release|ARM.ActiveCfg = Release|Any CPU
		{F2041FD7-0E30-4A4B-AF49-368144E46298}.Release|ARM.Build.0 = Release|Any CPU
		{F2041FD7-0E30-4A4B-AF49-368144E46298}.Release|iPhone.ActiveCfg = Release|Any CPU
		{F2041FD7-0E30-4A4B-AF49-368144E46298}.Release|iPhone.Build.0 = Release|Any CPU
		{F2041FD7-0E30-4A4B-AF49-368144E46298}.Release|iPhoneSimulator.ActiveCfg = Release|Any CPU
		{F2041FD7-0E30-4A4B-AF49-368144E46298}.Release|iPhoneSimulator.Build.0 = Release|Any CPU
		{F2041FD7-0E30-4A4B-AF49-368144E46298}.Release|x64.ActiveCfg = Release|Any CPU
		{F2041FD7-0E30-4A4B-AF49-368144E46298}.Release|x64.Build.0 = Release|Any CPU
		{F2041FD7-0E30-4A4B-AF49-368144E46298}.Release|x86.ActiveCfg = Release|Any CPU
		{F2041FD7-0E30-4A4B-AF49-368144E46298}.Release|x86.Build.0 = Release|Any CPU
		{C3CECD0A-1D65-4B0A-B825-C957A524C9C0}.Ad-Hoc|Any CPU.ActiveCfg = Release|Any CPU
		{C3CECD0A-1D65-4B0A-B825-C957A524C9C0}.Ad-Hoc|Any CPU.Build.0 = Release|Any CPU
		{C3CECD0A-1D65-4B0A-B825-C957A524C9C0}.Ad-Hoc|ARM.ActiveCfg = Release|ARM
		{C3CECD0A-1D65-4B0A-B825-C957A524C9C0}.Ad-Hoc|ARM.Build.0 = Release|ARM
		{C3CECD0A-1D65-4B0A-B825-C957A524C9C0}.Ad-Hoc|iPhone.ActiveCfg = Release|Any CPU
		{C3CECD0A-1D65-4B0A-B825-C957A524C9C0}.Ad-Hoc|iPhone.Build.0 = Release|Any CPU
		{C3CECD0A-1D65-4B0A-B825-C957A524C9C0}.Ad-Hoc|iPhoneSimulator.ActiveCfg = Release|Any CPU
		{C3CECD0A-1D65-4B0A-B825-C957A524C9C0}.Ad-Hoc|iPhoneSimulator.Build.0 = Release|Any CPU
		{C3CECD0A-1D65-4B0A-B825-C957A524C9C0}.Ad-Hoc|x64.ActiveCfg = Release|x64
		{C3CECD0A-1D65-4B0A-B825-C957A524C9C0}.Ad-Hoc|x64.Build.0 = Release|x64
		{C3CECD0A-1D65-4B0A-B825-C957A524C9C0}.Ad-Hoc|x86.ActiveCfg = Release|x86
		{C3CECD0A-1D65-4B0A-B825-C957A524C9C0}.Ad-Hoc|x86.Build.0 = Release|x86
		{C3CECD0A-1D65-4B0A-B825-C957A524C9C0}.AppStore|Any CPU.ActiveCfg = Release|Any CPU
		{C3CECD0A-1D65-4B0A-B825-C957A524C9C0}.AppStore|Any CPU.Build.0 = Release|Any CPU
		{C3CECD0A-1D65-4B0A-B825-C957A524C9C0}.AppStore|ARM.ActiveCfg = Release|ARM
		{C3CECD0A-1D65-4B0A-B825-C957A524C9C0}.AppStore|ARM.Build.0 = Release|ARM
		{C3CECD0A-1D65-4B0A-B825-C957A524C9C0}.AppStore|iPhone.ActiveCfg = Release|Any CPU
		{C3CECD0A-1D65-4B0A-B825-C957A524C9C0}.AppStore|iPhone.Build.0 = Release|Any CPU
		{C3CECD0A-1D65-4B0A-B825-C957A524C9C0}.AppStore|iPhoneSimulator.ActiveCfg = Release|Any CPU
		{C3CECD0A-1D65-4B0A-B825-C957A524C9C0}.AppStore|iPhoneSimulator.Build.0 = Release|Any CPU
		{C3CECD0A-1D65-4B0A-B825-C957A524C9C0}.AppStore|x64.ActiveCfg = Release|x64
		{C3CECD0A-1D65-4B0A-B825-C957A524C9C0}.AppStore|x64.Build.0 = Release|x64
		{C3CECD0A-1D65-4B0A-B825-C957A524C9C0}.AppStore|x86.ActiveCfg = Release|x86
		{C3CECD0A-1D65-4B0A-B825-C957A524C9C0}.AppStore|x86.Build.0 = Release|x86
		{C3CECD0A-1D65-4B0A-B825-C957A524C9C0}.Debug|Any CPU.ActiveCfg = Debug|Any CPU
		{C3CECD0A-1D65-4B0A-B825-C957A524C9C0}.Debug|Any CPU.Build.0 = Debug|Any CPU
		{C3CECD0A-1D65-4B0A-B825-C957A524C9C0}.Debug|ARM.ActiveCfg = Debug|ARM
		{C3CECD0A-1D65-4B0A-B825-C957A524C9C0}.Debug|ARM.Build.0 = Debug|ARM
		{C3CECD0A-1D65-4B0A-B825-C957A524C9C0}.Debug|iPhone.ActiveCfg = Debug|Any CPU
		{C3CECD0A-1D65-4B0A-B825-C957A524C9C0}.Debug|iPhone.Build.0 = Debug|Any CPU
		{C3CECD0A-1D65-4B0A-B825-C957A524C9C0}.Debug|iPhoneSimulator.ActiveCfg = Debug|Any CPU
		{C3CECD0A-1D65-4B0A-B825-C957A524C9C0}.Debug|iPhoneSimulator.Build.0 = Debug|Any CPU
		{C3CECD0A-1D65-4B0A-B825-C957A524C9C0}.Debug|x64.ActiveCfg = Debug|x64
		{C3CECD0A-1D65-4B0A-B825-C957A524C9C0}.Debug|x64.Build.0 = Debug|x64
		{C3CECD0A-1D65-4B0A-B825-C957A524C9C0}.Debug|x86.ActiveCfg = Debug|x86
		{C3CECD0A-1D65-4B0A-B825-C957A524C9C0}.Debug|x86.Build.0 = Debug|x86
		{C3CECD0A-1D65-4B0A-B825-C957A524C9C0}.Release|Any CPU.ActiveCfg = Release|Any CPU
		{C3CECD0A-1D65-4B0A-B825-C957A524C9C0}.Release|Any CPU.Build.0 = Release|Any CPU
		{C3CECD0A-1D65-4B0A-B825-C957A524C9C0}.Release|ARM.ActiveCfg = Release|ARM
		{C3CECD0A-1D65-4B0A-B825-C957A524C9C0}.Release|ARM.Build.0 = Release|ARM
		{C3CECD0A-1D65-4B0A-B825-C957A524C9C0}.Release|iPhone.ActiveCfg = Release|Any CPU
		{C3CECD0A-1D65-4B0A-B825-C957A524C9C0}.Release|iPhone.Build.0 = Release|Any CPU
		{C3CECD0A-1D65-4B0A-B825-C957A524C9C0}.Release|iPhoneSimulator.ActiveCfg = Release|Any CPU
		{C3CECD0A-1D65-4B0A-B825-C957A524C9C0}.Release|iPhoneSimulator.Build.0 = Release|Any CPU
		{C3CECD0A-1D65-4B0A-B825-C957A524C9C0}.Release|x64.ActiveCfg = Release|x64
		{C3CECD0A-1D65-4B0A-B825-C957A524C9C0}.Release|x64.Build.0 = Release|x64
		{C3CECD0A-1D65-4B0A-B825-C957A524C9C0}.Release|x86.ActiveCfg = Release|x86
		{C3CECD0A-1D65-4B0A-B825-C957A524C9C0}.Release|x86.Build.0 = Release|x86
	EndGlobalSection
	GlobalSection(SolutionProperties) = preSolution
		HideSolutionNode = FALSE
	EndGlobalSection
	GlobalSection(NestedProjects) = preSolution
		{04CEF0EE-3809-4D19-9787-055DCD81F30D} = {273587DF-65A1-4027-9498-49BD970B7AA5}
		{60A76DC3-7355-45DC-A207-9DBAB6DD1789} = {273587DF-65A1-4027-9498-49BD970B7AA5}
		{F2041FD7-0E30-4A4B-AF49-368144E46298} = {273587DF-65A1-4027-9498-49BD970B7AA5}
		{C3CECD0A-1D65-4B0A-B825-C957A524C9C0} = {273587DF-65A1-4027-9498-49BD970B7AA5}
	EndGlobalSection
	GlobalSection(ExtensibilityGlobals) = postSolution
		SolutionGuid = {F26B11E4-7B45-4408-9BD1-294F3D232CD2}
	EndGlobalSection
EndGlobal
