
Microsoft Visual Studio Solution File, Format Version 12.00
# Visual Studio Version 17
VisualStudioVersion = 17.2.32422.2
MinimumVisualStudioVersion = 10.0.40219.1
Project("{9A19103F-16F7-4668-BE54-9A1E7A4F7556}") = "HyperTextLabel.Maui", "HtmlLabel\HyperTextLabel.Maui.csproj", "{49120CED-9682-4AAF-A31C-74D1164A009C}"
EndProject
Project("{9A19103F-16F7-4668-BE54-9A1E7A4F7556}") = "HyperTextLabel.Maui.Tests.App", "HtmlLabel.Forms.Plugin.Tests.App\HyperTextLabel.Maui.Tests.App.csproj", "{20CB997D-35C9-48D9-95C8-006D04DDF026}"
EndProject
Global
	GlobalSection(SolutionConfigurationPlatforms) = preSolution
		Debug|Any CPU = Debug|Any CPU
		Release|Any CPU = Release|Any CPU
	EndGlobalSection
	GlobalSection(ProjectConfigurationPlatforms) = postSolution
		{49120CED-9682-4AAF-A31C-74D1164A009C}.Debug|Any CPU.ActiveCfg = Debug|Any CPU
		{49120CED-9682-4AAF-A31C-74D1164A009C}.Debug|Any CPU.Build.0 = Debug|Any CPU
		{49120CED-9682-4AAF-A31C-74D1164A009C}.Release|Any CPU.ActiveCfg = Release|Any CPU
		{49120CED-9682-4AAF-A31C-74D1164A009C}.Release|Any CPU.Build.0 = Release|Any CPU
		{20CB997D-35C9-48D9-95C8-006D04DDF026}.Debug|Any CPU.ActiveCfg = Debug|Any CPU
		{20CB997D-35C9-48D9-95C8-006D04DDF026}.Debug|Any CPU.Build.0 = Debug|Any CPU
		{20CB997D-35C9-48D9-95C8-006D04DDF026}.Debug|Any CPU.Deploy.0 = Debug|Any CPU
		{20CB997D-35C9-48D9-95C8-006D04DDF026}.Release|Any CPU.ActiveCfg = Release|Any CPU
		{20CB997D-35C9-48D9-95C8-006D04DDF026}.Release|Any CPU.Build.0 = Release|Any CPU
		{20CB997D-35C9-48D9-95C8-006D04DDF026}.Release|Any CPU.Deploy.0 = Release|Any CPU
	EndGlobalSection
	GlobalSection(SolutionProperties) = preSolution
		HideSolutionNode = FALSE
	EndGlobalSection
	GlobalSection(ExtensibilityGlobals) = postSolution
		SolutionGuid = {74AEE0DB-B50C-451B-A0C5-3D939F8A5147}
	EndGlobalSection
EndGlobal
