
Microsoft Visual Studio Solution File, Format Version 12.00
# Visual Studio 15
VisualStudioVersion = 15.0.26730.15
MinimumVisualStudioVersion = 10.0.40219.1
Project("{2150E333-8FDC-42A3-9474-1A3956D46DE8}") = "Solution Items", "Solution Items", "{49C6E954-C9FF-429A-A011-E647B388FA12}"
	ProjectSection(SolutionItems) = preProject
		..\.editorconfig = ..\.editorconfig
		..\README.md = ..\README.md
	EndProjectSection
EndProject
Project("{9A19103F-16F7-4668-BE54-9A1E7A4F7556}") = "HtmlLabel.Forms.Plugin", "HtmlLabel\HtmlLabel.Forms.Plugin.csproj", "{1FAB52AD-F3BA-423C-AFA1-E21700AA96F4}"
EndProject
Project("{2150E333-8FDC-42A3-9474-1A3956D46DE8}") = "Test", "Test", "{C7547AF4-0508-4655-B3BE-25133606FD5E}"
EndProject
Project("{FAE04EC0-301F-11D3-BF4B-00C04F79EFBC}") = "TestHtmlLabel.Android", "TestHtmlLabel\TestHtmlLabel.Android\TestHtmlLabel.Android.csproj", "{DC951C2F-F286-4402-B5AE-BB65BA88FC6B}"
EndProject
Project("{FAE04EC0-301F-11D3-BF4B-00C04F79EFBC}") = "TestHtmlLabel.iOS", "TestHtmlLabel\TestHtmlLabel.iOS\TestHtmlLabel.iOS.csproj", "{D7A6B710-B1A7-4916-A9F0-2227A2C22DA6}"
EndProject
Project("{FAE04EC0-301F-11D3-BF4B-00C04F79EFBC}") = "TestHtmlLabel.UWP", "TestHtmlLabel\TestHtmlLabel.UWP\TestHtmlLabel.UWP.csproj", "{B16FA786-BC44-4680-A39D-C5E120CE223E}"
EndProject
Project("{FAE04EC0-301F-11D3-BF4B-00C04F79EFBC}") = "TestHtmlLabel", "TestHtmlLabel\TestHtmlLabel\TestHtmlLabel.csproj", "{8AD55416-6574-4596-87EC-BD15DDDBAD37}"
EndProject
Global
	GlobalSection(SolutionConfigurationPlatforms) = preSolution
		Ad-Hoc|Any CPU = Ad-Hoc|Any CPU
		Ad-Hoc|ARM = Ad-Hoc|ARM
		Ad-Hoc|iPhone = Ad-Hoc|iPhone
		Ad-Hoc|iPhoneSimulator = Ad-Hoc|iPhoneSimulator
		Ad-Hoc|x64 = Ad-Hoc|x64
		Ad-Hoc|x86 = Ad-Hoc|x86
		AppStore|Any CPU = AppStore|Any CPU
		AppStore|ARM = AppStore|ARM
		AppStore|iPhone = AppStore|iPhone
		AppStore|iPhoneSimulator = AppStore|iPhoneSimulator
		AppStore|x64 = AppStore|x64
		AppStore|x86 = AppStore|x86
		Debug|Any CPU = Debug|Any CPU
		Debug|ARM = Debug|ARM
		Debug|iPhone = Debug|iPhone
		Debug|iPhoneSimulator = Debug|iPhoneSimulator
		Debug|x64 = Debug|x64
		Debug|x86 = Debug|x86
		Release|Any CPU = Release|Any CPU
		Release|ARM = Release|ARM
		Release|iPhone = Release|iPhone
		Release|iPhoneSimulator = Release|iPhoneSimulator
		Release|x64 = Release|x64
		Release|x86 = Release|x86
	EndGlobalSection
	GlobalSection(ProjectConfigurationPlatforms) = postSolution
		{1FAB52AD-F3BA-423C-AFA1-E21700AA96F4}.Ad-Hoc|Any CPU.ActiveCfg = Debug|Any CPU
		{1FAB52AD-F3BA-423C-AFA1-E21700AA96F4}.Ad-Hoc|Any CPU.Build.0 = Debug|Any CPU
		{1FAB52AD-F3BA-423C-AFA1-E21700AA96F4}.Ad-Hoc|ARM.ActiveCfg = Debug|Any CPU
		{1FAB52AD-F3BA-423C-AFA1-E21700AA96F4}.Ad-Hoc|ARM.Build.0 = Debug|Any CPU
		{1FAB52AD-F3BA-423C-AFA1-E21700AA96F4}.Ad-Hoc|iPhone.ActiveCfg = Debug|Any CPU
		{1FAB52AD-F3BA-423C-AFA1-E21700AA96F4}.Ad-Hoc|iPhone.Build.0 = Debug|Any CPU
		{1FAB52AD-F3BA-423C-AFA1-E21700AA96F4}.Ad-Hoc|iPhoneSimulator.ActiveCfg = Debug|Any CPU
		{1FAB52AD-F3BA-423C-AFA1-E21700AA96F4}.Ad-Hoc|iPhoneSimulator.Build.0 = Debug|Any CPU
		{1FAB52AD-F3BA-423C-AFA1-E21700AA96F4}.Ad-Hoc|x64.ActiveCfg = Debug|Any CPU
		{1FAB52AD-F3BA-423C-AFA1-E21700AA96F4}.Ad-Hoc|x64.Build.0 = Debug|Any CPU
		{1FAB52AD-F3BA-423C-AFA1-E21700AA96F4}.Ad-Hoc|x86.ActiveCfg = Debug|Any CPU
		{1FAB52AD-F3BA-423C-AFA1-E21700AA96F4}.Ad-Hoc|x86.Build.0 = Debug|Any CPU
		{1FAB52AD-F3BA-423C-AFA1-E21700AA96F4}.AppStore|Any CPU.ActiveCfg = Debug|Any CPU
		{1FAB52AD-F3BA-423C-AFA1-E21700AA96F4}.AppStore|Any CPU.Build.0 = Debug|Any CPU
		{1FAB52AD-F3BA-423C-AFA1-E21700AA96F4}.AppStore|ARM.ActiveCfg = Debug|Any CPU
		{1FAB52AD-F3BA-423C-AFA1-E21700AA96F4}.AppStore|ARM.Build.0 = Debug|Any CPU
		{1FAB52AD-F3BA-423C-AFA1-E21700AA96F4}.AppStore|iPhone.ActiveCfg = Debug|Any CPU
		{1FAB52AD-F3BA-423C-AFA1-E21700AA96F4}.AppStore|iPhone.Build.0 = Debug|Any CPU
		{1FAB52AD-F3BA-423C-AFA1-E21700AA96F4}.AppStore|iPhoneSimulator.ActiveCfg = Debug|Any CPU
		{1FAB52AD-F3BA-423C-AFA1-E21700AA96F4}.AppStore|iPhoneSimulator.Build.0 = Debug|Any CPU
		{1FAB52AD-F3BA-423C-AFA1-E21700AA96F4}.AppStore|x64.ActiveCfg = Debug|Any CPU
		{1FAB52AD-F3BA-423C-AFA1-E21700AA96F4}.AppStore|x64.Build.0 = Debug|Any CPU
		{1FAB52AD-F3BA-423C-AFA1-E21700AA96F4}.AppStore|x86.ActiveCfg = Debug|Any CPU
		{1FAB52AD-F3BA-423C-AFA1-E21700AA96F4}.AppStore|x86.Build.0 = Debug|Any CPU
		{1FAB52AD-F3BA-423C-AFA1-E21700AA96F4}.Debug|Any CPU.ActiveCfg = Debug|Any CPU
		{1FAB52AD-F3BA-423C-AFA1-E21700AA96F4}.Debug|Any CPU.Build.0 = Debug|Any CPU
		{1FAB52AD-F3BA-423C-AFA1-E21700AA96F4}.Debug|ARM.ActiveCfg = Debug|Any CPU
		{1FAB52AD-F3BA-423C-AFA1-E21700AA96F4}.Debug|ARM.Build.0 = Debug|Any CPU
		{1FAB52AD-F3BA-423C-AFA1-E21700AA96F4}.Debug|iPhone.ActiveCfg = Debug|Any CPU
		{1FAB52AD-F3BA-423C-AFA1-E21700AA96F4}.Debug|iPhone.Build.0 = Debug|Any CPU
		{1FAB52AD-F3BA-423C-AFA1-E21700AA96F4}.Debug|iPhoneSimulator.ActiveCfg = Debug|Any CPU
		{1FAB52AD-F3BA-423C-AFA1-E21700AA96F4}.Debug|iPhoneSimulator.Build.0 = Debug|Any CPU
		{1FAB52AD-F3BA-423C-AFA1-E21700AA96F4}.Debug|x64.ActiveCfg = Debug|Any CPU
		{1FAB52AD-F3BA-423C-AFA1-E21700AA96F4}.Debug|x64.Build.0 = Debug|Any CPU
		{1FAB52AD-F3BA-423C-AFA1-E21700AA96F4}.Debug|x86.ActiveCfg = Debug|Any CPU
		{1FAB52AD-F3BA-423C-AFA1-E21700AA96F4}.Debug|x86.Build.0 = Debug|Any CPU
		{1FAB52AD-F3BA-423C-AFA1-E21700AA96F4}.Release|Any CPU.ActiveCfg = Release|Any CPU
		{1FAB52AD-F3BA-423C-AFA1-E21700AA96F4}.Release|Any CPU.Build.0 = Release|Any CPU
		{1FAB52AD-F3BA-423C-AFA1-E21700AA96F4}.Release|ARM.ActiveCfg = Release|Any CPU
		{1FAB52AD-F3BA-423C-AFA1-E21700AA96F4}.Release|ARM.Build.0 = Release|Any CPU
		{1FAB52AD-F3BA-423C-AFA1-E21700AA96F4}.Release|iPhone.ActiveCfg = Release|Any CPU
		{1FAB52AD-F3BA-423C-AFA1-E21700AA96F4}.Release|iPhone.Build.0 = Release|Any CPU
		{1FAB52AD-F3BA-423C-AFA1-E21700AA96F4}.Release|iPhoneSimulator.ActiveCfg = Release|Any CPU
		{1FAB52AD-F3BA-423C-AFA1-E21700AA96F4}.Release|iPhoneSimulator.Build.0 = Release|Any CPU
		{1FAB52AD-F3BA-423C-AFA1-E21700AA96F4}.Release|x64.ActiveCfg = Release|Any CPU
		{1FAB52AD-F3BA-423C-AFA1-E21700AA96F4}.Release|x64.Build.0 = Release|Any CPU
		{1FAB52AD-F3BA-423C-AFA1-E21700AA96F4}.Release|x86.ActiveCfg = Release|Any CPU
		{1FAB52AD-F3BA-423C-AFA1-E21700AA96F4}.Release|x86.Build.0 = Release|Any CPU
		{DC951C2F-F286-4402-B5AE-BB65BA88FC6B}.Ad-Hoc|Any CPU.ActiveCfg = Release|Any CPU
		{DC951C2F-F286-4402-B5AE-BB65BA88FC6B}.Ad-Hoc|Any CPU.Build.0 = Release|Any CPU
		{DC951C2F-F286-4402-B5AE-BB65BA88FC6B}.Ad-Hoc|Any CPU.Deploy.0 = Release|Any CPU
		{DC951C2F-F286-4402-B5AE-BB65BA88FC6B}.Ad-Hoc|ARM.ActiveCfg = Release|Any CPU
		{DC951C2F-F286-4402-B5AE-BB65BA88FC6B}.Ad-Hoc|ARM.Build.0 = Release|Any CPU
		{DC951C2F-F286-4402-B5AE-BB65BA88FC6B}.Ad-Hoc|ARM.Deploy.0 = Release|Any CPU
		{DC951C2F-F286-4402-B5AE-BB65BA88FC6B}.Ad-Hoc|iPhone.ActiveCfg = Release|Any CPU
		{DC951C2F-F286-4402-B5AE-BB65BA88FC6B}.Ad-Hoc|iPhone.Build.0 = Release|Any CPU
		{DC951C2F-F286-4402-B5AE-BB65BA88FC6B}.Ad-Hoc|iPhone.Deploy.0 = Release|Any CPU
		{DC951C2F-F286-4402-B5AE-BB65BA88FC6B}.Ad-Hoc|iPhoneSimulator.ActiveCfg = Release|Any CPU
		{DC951C2F-F286-4402-B5AE-BB65BA88FC6B}.Ad-Hoc|iPhoneSimulator.Build.0 = Release|Any CPU
		{DC951C2F-F286-4402-B5AE-BB65BA88FC6B}.Ad-Hoc|iPhoneSimulator.Deploy.0 = Release|Any CPU
		{DC951C2F-F286-4402-B5AE-BB65BA88FC6B}.Ad-Hoc|x64.ActiveCfg = Release|Any CPU
		{DC951C2F-F286-4402-B5AE-BB65BA88FC6B}.Ad-Hoc|x64.Build.0 = Release|Any CPU
		{DC951C2F-F286-4402-B5AE-BB65BA88FC6B}.Ad-Hoc|x64.Deploy.0 = Release|Any CPU
		{DC951C2F-F286-4402-B5AE-BB65BA88FC6B}.Ad-Hoc|x86.ActiveCfg = Release|Any CPU
		{DC951C2F-F286-4402-B5AE-BB65BA88FC6B}.Ad-Hoc|x86.Build.0 = Release|Any CPU
		{DC951C2F-F286-4402-B5AE-BB65BA88FC6B}.Ad-Hoc|x86.Deploy.0 = Release|Any CPU
		{DC951C2F-F286-4402-B5AE-BB65BA88FC6B}.AppStore|Any CPU.ActiveCfg = Release|Any CPU
		{DC951C2F-F286-4402-B5AE-BB65BA88FC6B}.AppStore|Any CPU.Build.0 = Release|Any CPU
		{DC951C2F-F286-4402-B5AE-BB65BA88FC6B}.AppStore|Any CPU.Deploy.0 = Release|Any CPU
		{DC951C2F-F286-4402-B5AE-BB65BA88FC6B}.AppStore|ARM.ActiveCfg = Release|Any CPU
		{DC951C2F-F286-4402-B5AE-BB65BA88FC6B}.AppStore|ARM.Build.0 = Release|Any CPU
		{DC951C2F-F286-4402-B5AE-BB65BA88FC6B}.AppStore|ARM.Deploy.0 = Release|Any CPU
		{DC951C2F-F286-4402-B5AE-BB65BA88FC6B}.AppStore|iPhone.ActiveCfg = Release|Any CPU
		{DC951C2F-F286-4402-B5AE-BB65BA88FC6B}.AppStore|iPhone.Build.0 = Release|Any CPU
		{DC951C2F-F286-4402-B5AE-BB65BA88FC6B}.AppStore|iPhone.Deploy.0 = Release|Any CPU
		{DC951C2F-F286-4402-B5AE-BB65BA88FC6B}.AppStore|iPhoneSimulator.ActiveCfg = Release|Any CPU
		{DC951C2F-F286-4402-B5AE-BB65BA88FC6B}.AppStore|iPhoneSimulator.Build.0 = Release|Any CPU
		{DC951C2F-F286-4402-B5AE-BB65BA88FC6B}.AppStore|iPhoneSimulator.Deploy.0 = Release|Any CPU
		{DC951C2F-F286-4402-B5AE-BB65BA88FC6B}.AppStore|x64.ActiveCfg = Release|Any CPU
		{DC951C2F-F286-4402-B5AE-BB65BA88FC6B}.AppStore|x64.Build.0 = Release|Any CPU
		{DC951C2F-F286-4402-B5AE-BB65BA88FC6B}.AppStore|x64.Deploy.0 = Release|Any CPU
		{DC951C2F-F286-4402-B5AE-BB65BA88FC6B}.AppStore|x86.ActiveCfg = Release|Any CPU
		{DC951C2F-F286-4402-B5AE-BB65BA88FC6B}.AppStore|x86.Build.0 = Release|Any CPU
		{DC951C2F-F286-4402-B5AE-BB65BA88FC6B}.AppStore|x86.Deploy.0 = Release|Any CPU
		{DC951C2F-F286-4402-B5AE-BB65BA88FC6B}.Debug|Any CPU.ActiveCfg = Debug|Any CPU
		{DC951C2F-F286-4402-B5AE-BB65BA88FC6B}.Debug|Any CPU.Build.0 = Debug|Any CPU
		{DC951C2F-F286-4402-B5AE-BB65BA88FC6B}.Debug|Any CPU.Deploy.0 = Debug|Any CPU
		{DC951C2F-F286-4402-B5AE-BB65BA88FC6B}.Debug|ARM.ActiveCfg = Debug|Any CPU
		{DC951C2F-F286-4402-B5AE-BB65BA88FC6B}.Debug|ARM.Build.0 = Debug|Any CPU
		{DC951C2F-F286-4402-B5AE-BB65BA88FC6B}.Debug|ARM.Deploy.0 = Debug|Any CPU
		{DC951C2F-F286-4402-B5AE-BB65BA88FC6B}.Debug|iPhone.ActiveCfg = Debug|Any CPU
		{DC951C2F-F286-4402-B5AE-BB65BA88FC6B}.Debug|iPhone.Build.0 = Debug|Any CPU
		{DC951C2F-F286-4402-B5AE-BB65BA88FC6B}.Debug|iPhone.Deploy.0 = Debug|Any CPU
		{DC951C2F-F286-4402-B5AE-BB65BA88FC6B}.Debug|iPhoneSimulator.ActiveCfg = Debug|Any CPU
		{DC951C2F-F286-4402-B5AE-BB65BA88FC6B}.Debug|iPhoneSimulator.Build.0 = Debug|Any CPU
		{DC951C2F-F286-4402-B5AE-BB65BA88FC6B}.Debug|iPhoneSimulator.Deploy.0 = Debug|Any CPU
		{DC951C2F-F286-4402-B5AE-BB65BA88FC6B}.Debug|x64.ActiveCfg = Debug|Any CPU
		{DC951C2F-F286-4402-B5AE-BB65BA88FC6B}.Debug|x64.Build.0 = Debug|Any CPU
		{DC951C2F-F286-4402-B5AE-BB65BA88FC6B}.Debug|x64.Deploy.0 = Debug|Any CPU
		{DC951C2F-F286-4402-B5AE-BB65BA88FC6B}.Debug|x86.ActiveCfg = Debug|Any CPU
		{DC951C2F-F286-4402-B5AE-BB65BA88FC6B}.Debug|x86.Build.0 = Debug|Any CPU
		{DC951C2F-F286-4402-B5AE-BB65BA88FC6B}.Debug|x86.Deploy.0 = Debug|Any CPU
		{DC951C2F-F286-4402-B5AE-BB65BA88FC6B}.Release|Any CPU.ActiveCfg = Release|Any CPU
		{DC951C2F-F286-4402-B5AE-BB65BA88FC6B}.Release|Any CPU.Build.0 = Release|Any CPU
		{DC951C2F-F286-4402-B5AE-BB65BA88FC6B}.Release|Any CPU.Deploy.0 = Release|Any CPU
		{DC951C2F-F286-4402-B5AE-BB65BA88FC6B}.Release|ARM.ActiveCfg = Release|Any CPU
		{DC951C2F-F286-4402-B5AE-BB65BA88FC6B}.Release|ARM.Build.0 = Release|Any CPU
		{DC951C2F-F286-4402-B5AE-BB65BA88FC6B}.Release|ARM.Deploy.0 = Release|Any CPU
		{DC951C2F-F286-4402-B5AE-BB65BA88FC6B}.Release|iPhone.ActiveCfg = Release|Any CPU
		{DC951C2F-F286-4402-B5AE-BB65BA88FC6B}.Release|iPhone.Build.0 = Release|Any CPU
		{DC951C2F-F286-4402-B5AE-BB65BA88FC6B}.Release|iPhone.Deploy.0 = Release|Any CPU
		{DC951C2F-F286-4402-B5AE-BB65BA88FC6B}.Release|iPhoneSimulator.ActiveCfg = Release|Any CPU
		{DC951C2F-F286-4402-B5AE-BB65BA88FC6B}.Release|iPhoneSimulator.Build.0 = Release|Any CPU
		{DC951C2F-F286-4402-B5AE-BB65BA88FC6B}.Release|iPhoneSimulator.Deploy.0 = Release|Any CPU
		{DC951C2F-F286-4402-B5AE-BB65BA88FC6B}.Release|x64.ActiveCfg = Release|Any CPU
		{DC951C2F-F286-4402-B5AE-BB65BA88FC6B}.Release|x64.Build.0 = Release|Any CPU
		{DC951C2F-F286-4402-B5AE-BB65BA88FC6B}.Release|x64.Deploy.0 = Release|Any CPU
		{DC951C2F-F286-4402-B5AE-BB65BA88FC6B}.Release|x86.ActiveCfg = Release|Any CPU
		{DC951C2F-F286-4402-B5AE-BB65BA88FC6B}.Release|x86.Build.0 = Release|Any CPU
		{DC951C2F-F286-4402-B5AE-BB65BA88FC6B}.Release|x86.Deploy.0 = Release|Any CPU
		{D7A6B710-B1A7-4916-A9F0-2227A2C22DA6}.Ad-Hoc|Any CPU.ActiveCfg = Ad-Hoc|iPhone
		{D7A6B710-B1A7-4916-A9F0-2227A2C22DA6}.Ad-Hoc|ARM.ActiveCfg = Ad-Hoc|iPhone
		{D7A6B710-B1A7-4916-A9F0-2227A2C22DA6}.Ad-Hoc|iPhone.ActiveCfg = Ad-Hoc|iPhone
		{D7A6B710-B1A7-4916-A9F0-2227A2C22DA6}.Ad-Hoc|iPhone.Build.0 = Ad-Hoc|iPhone
		{D7A6B710-B1A7-4916-A9F0-2227A2C22DA6}.Ad-Hoc|iPhoneSimulator.ActiveCfg = Ad-Hoc|iPhoneSimulator
		{D7A6B710-B1A7-4916-A9F0-2227A2C22DA6}.Ad-Hoc|iPhoneSimulator.Build.0 = Ad-Hoc|iPhoneSimulator
		{D7A6B710-B1A7-4916-A9F0-2227A2C22DA6}.Ad-Hoc|x64.ActiveCfg = Ad-Hoc|iPhone
		{D7A6B710-B1A7-4916-A9F0-2227A2C22DA6}.Ad-Hoc|x86.ActiveCfg = Ad-Hoc|iPhone
		{D7A6B710-B1A7-4916-A9F0-2227A2C22DA6}.AppStore|Any CPU.ActiveCfg = AppStore|iPhone
		{D7A6B710-B1A7-4916-A9F0-2227A2C22DA6}.AppStore|ARM.ActiveCfg = AppStore|iPhone
		{D7A6B710-B1A7-4916-A9F0-2227A2C22DA6}.AppStore|iPhone.ActiveCfg = AppStore|iPhone
		{D7A6B710-B1A7-4916-A9F0-2227A2C22DA6}.AppStore|iPhone.Build.0 = AppStore|iPhone
		{D7A6B710-B1A7-4916-A9F0-2227A2C22DA6}.AppStore|iPhoneSimulator.ActiveCfg = AppStore|iPhoneSimulator
		{D7A6B710-B1A7-4916-A9F0-2227A2C22DA6}.AppStore|iPhoneSimulator.Build.0 = AppStore|iPhoneSimulator
		{D7A6B710-B1A7-4916-A9F0-2227A2C22DA6}.AppStore|x64.ActiveCfg = AppStore|iPhone
		{D7A6B710-B1A7-4916-A9F0-2227A2C22DA6}.AppStore|x86.ActiveCfg = AppStore|iPhone
		{D7A6B710-B1A7-4916-A9F0-2227A2C22DA6}.Debug|Any CPU.ActiveCfg = Debug|iPhone
		{D7A6B710-B1A7-4916-A9F0-2227A2C22DA6}.Debug|ARM.ActiveCfg = Debug|iPhone
		{D7A6B710-B1A7-4916-A9F0-2227A2C22DA6}.Debug|iPhone.ActiveCfg = Debug|iPhone
		{D7A6B710-B1A7-4916-A9F0-2227A2C22DA6}.Debug|iPhone.Build.0 = Debug|iPhone
		{D7A6B710-B1A7-4916-A9F0-2227A2C22DA6}.Debug|iPhoneSimulator.ActiveCfg = Debug|iPhoneSimulator
		{D7A6B710-B1A7-4916-A9F0-2227A2C22DA6}.Debug|iPhoneSimulator.Build.0 = Debug|iPhoneSimulator
		{D7A6B710-B1A7-4916-A9F0-2227A2C22DA6}.Debug|x64.ActiveCfg = Debug|iPhone
		{D7A6B710-B1A7-4916-A9F0-2227A2C22DA6}.Debug|x86.ActiveCfg = Debug|iPhone
		{D7A6B710-B1A7-4916-A9F0-2227A2C22DA6}.Release|Any CPU.ActiveCfg = Release|iPhone
		{D7A6B710-B1A7-4916-A9F0-2227A2C22DA6}.Release|ARM.ActiveCfg = Release|iPhone
		{D7A6B710-B1A7-4916-A9F0-2227A2C22DA6}.Release|iPhone.ActiveCfg = Release|iPhone
		{D7A6B710-B1A7-4916-A9F0-2227A2C22DA6}.Release|iPhone.Build.0 = Release|iPhone
		{D7A6B710-B1A7-4916-A9F0-2227A2C22DA6}.Release|iPhoneSimulator.ActiveCfg = Release|iPhoneSimulator
		{D7A6B710-B1A7-4916-A9F0-2227A2C22DA6}.Release|iPhoneSimulator.Build.0 = Release|iPhoneSimulator
		{D7A6B710-B1A7-4916-A9F0-2227A2C22DA6}.Release|x64.ActiveCfg = Release|iPhone
		{D7A6B710-B1A7-4916-A9F0-2227A2C22DA6}.Release|x86.ActiveCfg = Release|iPhone
		{B16FA786-BC44-4680-A39D-C5E120CE223E}.Ad-Hoc|Any CPU.ActiveCfg = Release|x86
		{B16FA786-BC44-4680-A39D-C5E120CE223E}.Ad-Hoc|Any CPU.Build.0 = Release|x86
		{B16FA786-BC44-4680-A39D-C5E120CE223E}.Ad-Hoc|Any CPU.Deploy.0 = Release|x86
		{B16FA786-BC44-4680-A39D-C5E120CE223E}.Ad-Hoc|ARM.ActiveCfg = Release|ARM
		{B16FA786-BC44-4680-A39D-C5E120CE223E}.Ad-Hoc|ARM.Build.0 = Release|ARM
		{B16FA786-BC44-4680-A39D-C5E120CE223E}.Ad-Hoc|ARM.Deploy.0 = Release|ARM
		{B16FA786-BC44-4680-A39D-C5E120CE223E}.Ad-Hoc|iPhone.ActiveCfg = Release|x86
		{B16FA786-BC44-4680-A39D-C5E120CE223E}.Ad-Hoc|iPhone.Build.0 = Release|x86
		{B16FA786-BC44-4680-A39D-C5E120CE223E}.Ad-Hoc|iPhone.Deploy.0 = Release|x86
		{B16FA786-BC44-4680-A39D-C5E120CE223E}.Ad-Hoc|iPhoneSimulator.ActiveCfg = Release|x86
		{B16FA786-BC44-4680-A39D-C5E120CE223E}.Ad-Hoc|iPhoneSimulator.Build.0 = Release|x86
		{B16FA786-BC44-4680-A39D-C5E120CE223E}.Ad-Hoc|iPhoneSimulator.Deploy.0 = Release|x86
		{B16FA786-BC44-4680-A39D-C5E120CE223E}.Ad-Hoc|x64.ActiveCfg = Release|x64
		{B16FA786-BC44-4680-A39D-C5E120CE223E}.Ad-Hoc|x64.Build.0 = Release|x64
		{B16FA786-BC44-4680-A39D-C5E120CE223E}.Ad-Hoc|x64.Deploy.0 = Release|x64
		{B16FA786-BC44-4680-A39D-C5E120CE223E}.Ad-Hoc|x86.ActiveCfg = Release|x86
		{B16FA786-BC44-4680-A39D-C5E120CE223E}.Ad-Hoc|x86.Build.0 = Release|x86
		{B16FA786-BC44-4680-A39D-C5E120CE223E}.Ad-Hoc|x86.Deploy.0 = Release|x86
		{B16FA786-BC44-4680-A39D-C5E120CE223E}.AppStore|Any CPU.ActiveCfg = Release|x86
		{B16FA786-BC44-4680-A39D-C5E120CE223E}.AppStore|Any CPU.Build.0 = Release|x86
		{B16FA786-BC44-4680-A39D-C5E120CE223E}.AppStore|Any CPU.Deploy.0 = Release|x86
		{B16FA786-BC44-4680-A39D-C5E120CE223E}.AppStore|ARM.ActiveCfg = Release|ARM
		{B16FA786-BC44-4680-A39D-C5E120CE223E}.AppStore|ARM.Build.0 = Release|ARM
		{B16FA786-BC44-4680-A39D-C5E120CE223E}.AppStore|ARM.Deploy.0 = Release|ARM
		{B16FA786-BC44-4680-A39D-C5E120CE223E}.AppStore|iPhone.ActiveCfg = Release|x86
		{B16FA786-BC44-4680-A39D-C5E120CE223E}.AppStore|iPhone.Build.0 = Release|x86
		{B16FA786-BC44-4680-A39D-C5E120CE223E}.AppStore|iPhone.Deploy.0 = Release|x86
		{B16FA786-BC44-4680-A39D-C5E120CE223E}.AppStore|iPhoneSimulator.ActiveCfg = Release|x86
		{B16FA786-BC44-4680-A39D-C5E120CE223E}.AppStore|iPhoneSimulator.Build.0 = Release|x86
		{B16FA786-BC44-4680-A39D-C5E120CE223E}.AppStore|iPhoneSimulator.Deploy.0 = Release|x86
		{B16FA786-BC44-4680-A39D-C5E120CE223E}.AppStore|x64.ActiveCfg = Release|x64
		{B16FA786-BC44-4680-A39D-C5E120CE223E}.AppStore|x64.Build.0 = Release|x64
		{B16FA786-BC44-4680-A39D-C5E120CE223E}.AppStore|x64.Deploy.0 = Release|x64
		{B16FA786-BC44-4680-A39D-C5E120CE223E}.AppStore|x86.ActiveCfg = Release|x86
		{B16FA786-BC44-4680-A39D-C5E120CE223E}.AppStore|x86.Build.0 = Release|x86
		{B16FA786-BC44-4680-A39D-C5E120CE223E}.AppStore|x86.Deploy.0 = Release|x86
		{B16FA786-BC44-4680-A39D-C5E120CE223E}.Debug|Any CPU.ActiveCfg = Debug|x86
		{B16FA786-BC44-4680-A39D-C5E120CE223E}.Debug|ARM.ActiveCfg = Debug|ARM
		{B16FA786-BC44-4680-A39D-C5E120CE223E}.Debug|ARM.Build.0 = Debug|ARM
		{B16FA786-BC44-4680-A39D-C5E120CE223E}.Debug|ARM.Deploy.0 = Debug|ARM
		{B16FA786-BC44-4680-A39D-C5E120CE223E}.Debug|iPhone.ActiveCfg = Debug|x86
		{B16FA786-BC44-4680-A39D-C5E120CE223E}.Debug|iPhoneSimulator.ActiveCfg = Debug|x86
		{B16FA786-BC44-4680-A39D-C5E120CE223E}.Debug|x64.ActiveCfg = Debug|x64
		{B16FA786-BC44-4680-A39D-C5E120CE223E}.Debug|x64.Build.0 = Debug|x64
		{B16FA786-BC44-4680-A39D-C5E120CE223E}.Debug|x64.Deploy.0 = Debug|x64
		{B16FA786-BC44-4680-A39D-C5E120CE223E}.Debug|x86.ActiveCfg = Debug|x86
		{B16FA786-BC44-4680-A39D-C5E120CE223E}.Debug|x86.Build.0 = Debug|x86
		{B16FA786-BC44-4680-A39D-C5E120CE223E}.Debug|x86.Deploy.0 = Debug|x86
		{B16FA786-BC44-4680-A39D-C5E120CE223E}.Release|Any CPU.ActiveCfg = Release|x86
		{B16FA786-BC44-4680-A39D-C5E120CE223E}.Release|ARM.ActiveCfg = Release|ARM
		{B16FA786-BC44-4680-A39D-C5E120CE223E}.Release|ARM.Build.0 = Release|ARM
		{B16FA786-BC44-4680-A39D-C5E120CE223E}.Release|ARM.Deploy.0 = Release|ARM
		{B16FA786-BC44-4680-A39D-C5E120CE223E}.Release|iPhone.ActiveCfg = Release|x86
		{B16FA786-BC44-4680-A39D-C5E120CE223E}.Release|iPhoneSimulator.ActiveCfg = Release|x86
		{B16FA786-BC44-4680-A39D-C5E120CE223E}.Release|x64.ActiveCfg = Release|x64
		{B16FA786-BC44-4680-A39D-C5E120CE223E}.Release|x64.Build.0 = Release|x64
		{B16FA786-BC44-4680-A39D-C5E120CE223E}.Release|x64.Deploy.0 = Release|x64
		{B16FA786-BC44-4680-A39D-C5E120CE223E}.Release|x86.ActiveCfg = Release|x86
		{B16FA786-BC44-4680-A39D-C5E120CE223E}.Release|x86.Build.0 = Release|x86
		{B16FA786-BC44-4680-A39D-C5E120CE223E}.Release|x86.Deploy.0 = Release|x86
		{8AD55416-6574-4596-87EC-BD15DDDBAD37}.Ad-Hoc|Any CPU.ActiveCfg = Debug|Any CPU
		{8AD55416-6574-4596-87EC-BD15DDDBAD37}.Ad-Hoc|Any CPU.Build.0 = Debug|Any CPU
		{8AD55416-6574-4596-87EC-BD15DDDBAD37}.Ad-Hoc|ARM.ActiveCfg = Debug|Any CPU
		{8AD55416-6574-4596-87EC-BD15DDDBAD37}.Ad-Hoc|ARM.Build.0 = Debug|Any CPU
		{8AD55416-6574-4596-87EC-BD15DDDBAD37}.Ad-Hoc|iPhone.ActiveCfg = Debug|Any CPU
		{8AD55416-6574-4596-87EC-BD15DDDBAD37}.Ad-Hoc|iPhone.Build.0 = Debug|Any CPU
		{8AD55416-6574-4596-87EC-BD15DDDBAD37}.Ad-Hoc|iPhoneSimulator.ActiveCfg = Debug|Any CPU
		{8AD55416-6574-4596-87EC-BD15DDDBAD37}.Ad-Hoc|iPhoneSimulator.Build.0 = Debug|Any CPU
		{8AD55416-6574-4596-87EC-BD15DDDBAD37}.Ad-Hoc|x64.ActiveCfg = Debug|Any CPU
		{8AD55416-6574-4596-87EC-BD15DDDBAD37}.Ad-Hoc|x64.Build.0 = Debug|Any CPU
		{8AD55416-6574-4596-87EC-BD15DDDBAD37}.Ad-Hoc|x86.ActiveCfg = Debug|Any CPU
		{8AD55416-6574-4596-87EC-BD15DDDBAD37}.Ad-Hoc|x86.Build.0 = Debug|Any CPU
		{8AD55416-6574-4596-87EC-BD15DDDBAD37}.AppStore|Any CPU.ActiveCfg = Debug|Any CPU
		{8AD55416-6574-4596-87EC-BD15DDDBAD37}.AppStore|Any CPU.Build.0 = Debug|Any CPU
		{8AD55416-6574-4596-87EC-BD15DDDBAD37}.AppStore|ARM.ActiveCfg = Debug|Any CPU
		{8AD55416-6574-4596-87EC-BD15DDDBAD37}.AppStore|ARM.Build.0 = Debug|Any CPU
		{8AD55416-6574-4596-87EC-BD15DDDBAD37}.AppStore|iPhone.ActiveCfg = Debug|Any CPU
		{8AD55416-6574-4596-87EC-BD15DDDBAD37}.AppStore|iPhone.Build.0 = Debug|Any CPU
		{8AD55416-6574-4596-87EC-BD15DDDBAD37}.AppStore|iPhoneSimulator.ActiveCfg = Debug|Any CPU
		{8AD55416-6574-4596-87EC-BD15DDDBAD37}.AppStore|iPhoneSimulator.Build.0 = Debug|Any CPU
		{8AD55416-6574-4596-87EC-BD15DDDBAD37}.AppStore|x64.ActiveCfg = Debug|Any CPU
		{8AD55416-6574-4596-87EC-BD15DDDBAD37}.AppStore|x64.Build.0 = Debug|Any CPU
		{8AD55416-6574-4596-87EC-BD15DDDBAD37}.AppStore|x86.ActiveCfg = Debug|Any CPU
		{8AD55416-6574-4596-87EC-BD15DDDBAD37}.AppStore|x86.Build.0 = Debug|Any CPU
		{8AD55416-6574-4596-87EC-BD15DDDBAD37}.Debug|Any CPU.ActiveCfg = Debug|Any CPU
		{8AD55416-6574-4596-87EC-BD15DDDBAD37}.Debug|Any CPU.Build.0 = Debug|Any CPU
		{8AD55416-6574-4596-87EC-BD15DDDBAD37}.Debug|ARM.ActiveCfg = Debug|Any CPU
		{8AD55416-6574-4596-87EC-BD15DDDBAD37}.Debug|ARM.Build.0 = Debug|Any CPU
		{8AD55416-6574-4596-87EC-BD15DDDBAD37}.Debug|iPhone.ActiveCfg = Debug|Any CPU
		{8AD55416-6574-4596-87EC-BD15DDDBAD37}.Debug|iPhone.Build.0 = Debug|Any CPU
		{8AD55416-6574-4596-87EC-BD15DDDBAD37}.Debug|iPhoneSimulator.ActiveCfg = Debug|Any CPU
		{8AD55416-6574-4596-87EC-BD15DDDBAD37}.Debug|iPhoneSimulator.Build.0 = Debug|Any CPU
		{8AD55416-6574-4596-87EC-BD15DDDBAD37}.Debug|x64.ActiveCfg = Debug|Any CPU
		{8AD55416-6574-4596-87EC-BD15DDDBAD37}.Debug|x64.Build.0 = Debug|Any CPU
		{8AD55416-6574-4596-87EC-BD15DDDBAD37}.Debug|x86.ActiveCfg = Debug|Any CPU
		{8AD55416-6574-4596-87EC-BD15DDDBAD37}.Debug|x86.Build.0 = Debug|Any CPU
		{8AD55416-6574-4596-87EC-BD15DDDBAD37}.Release|Any CPU.ActiveCfg = Release|Any CPU
		{8AD55416-6574-4596-87EC-BD15DDDBAD37}.Release|Any CPU.Build.0 = Release|Any CPU
		{8AD55416-6574-4596-87EC-BD15DDDBAD37}.Release|ARM.ActiveCfg = Release|Any CPU
		{8AD55416-6574-4596-87EC-BD15DDDBAD37}.Release|ARM.Build.0 = Release|Any CPU
		{8AD55416-6574-4596-87EC-BD15DDDBAD37}.Release|iPhone.ActiveCfg = Release|Any CPU
		{8AD55416-6574-4596-87EC-BD15DDDBAD37}.Release|iPhone.Build.0 = Release|Any CPU
		{8AD55416-6574-4596-87EC-BD15DDDBAD37}.Release|iPhoneSimulator.ActiveCfg = Release|Any CPU
		{8AD55416-6574-4596-87EC-BD15DDDBAD37}.Release|iPhoneSimulator.Build.0 = Release|Any CPU
		{8AD55416-6574-4596-87EC-BD15DDDBAD37}.Release|x64.ActiveCfg = Release|Any CPU
		{8AD55416-6574-4596-87EC-BD15DDDBAD37}.Release|x64.Build.0 = Release|Any CPU
		{8AD55416-6574-4596-87EC-BD15DDDBAD37}.Release|x86.ActiveCfg = Release|Any CPU
		{8AD55416-6574-4596-87EC-BD15DDDBAD37}.Release|x86.Build.0 = Release|Any CPU
	EndGlobalSection
	GlobalSection(SolutionProperties) = preSolution
		HideSolutionNode = FALSE
	EndGlobalSection
	GlobalSection(NestedProjects) = preSolution
		{DC951C2F-F286-4402-B5AE-BB65BA88FC6B} = {C7547AF4-0508-4655-B3BE-25133606FD5E}
		{D7A6B710-B1A7-4916-A9F0-2227A2C22DA6} = {C7547AF4-0508-4655-B3BE-25133606FD5E}
		{B16FA786-BC44-4680-A39D-C5E120CE223E} = {C7547AF4-0508-4655-B3BE-25133606FD5E}
		{8AD55416-6574-4596-87EC-BD15DDDBAD37} = {C7547AF4-0508-4655-B3BE-25133606FD5E}
	EndGlobalSection
	GlobalSection(ExtensibilityGlobals) = postSolution
		SolutionGuid = {94BD0FCA-480F-435F-93B4-174C90C27419}
	EndGlobalSection
EndGlobal
