
Microsoft Visual Studio Solution File, Format Version 12.00
# Visual Studio Version 16
VisualStudioVersion = 16.0.28803.156
MinimumVisualStudioVersion = 10.0.40219.1
Project("{2150E333-8FDC-42A3-9474-1A3956D46DE8}") = "Solution Items", "Solution Items", "{49C6E954-C9FF-429A-A011-E647B388FA12}"
	ProjectSection(SolutionItems) = preProject
		.editorconfig = .editorconfig
		..\azure-pipelines.yml = ..\azure-pipelines.yml
		..\CHANGELOG.md = ..\CHANGELOG.md
		..\LATEST_CHANGE.md = ..\LATEST_CHANGE.md
		nuget.config = nuget.config
		..\README.md = ..\README.md
	EndProjectSection
EndProject
Project("{9A19103F-16F7-4668-BE54-9A1E7A4F7556}") = "HtmlLabel.Forms.Plugin", "HtmlLabel\HtmlLabel.Forms.Plugin.csproj", "{1FAB52AD-F3BA-423C-AFA1-E21700AA96F4}"
EndProject
Project("{2150E333-8FDC-42A3-9474-1A3956D46DE8}") = "tests", "tests", "{27CF49C2-62D1-4162-9D66-4E903684D23C}"
EndProject
Project("{9A19103F-16F7-4668-BE54-9A1E7A4F7556}") = "HtmlLabel.Forms.Plugin.Shared.Tests", "..\tests\HtmlLabel.Forms.Plugin.Shared.Tests\HtmlLabel.Forms.Plugin.Shared.Tests.csproj", "{BE222A4C-7B82-4553-8C46-3BE65A4AE91D}"
EndProject
Project("{FAE04EC0-301F-11D3-BF4B-00C04F79EFBC}") = "HtmlLabel.Forms.Plugin.Tests.App.UWP", "..\tests\HtmlLabel.Forms.Plugin.Tests.App\HtmlLabel.Forms.Plugin.Tests.App.UWP\HtmlLabel.Forms.Plugin.Tests.App.UWP.csproj", "{1B4B1D5A-22AF-4EF8-B74D-B081BFDE6A29}"
EndProject
Project("{FAE04EC0-301F-11D3-BF4B-00C04F79EFBC}") = "HtmlLabel.Forms.Plugin.Tests.App.Android", "..\tests\HtmlLabel.Forms.Plugin.Tests.App\HtmlLabel.Forms.Plugin.Tests.App.Android\HtmlLabel.Forms.Plugin.Tests.App.Android.csproj", "{9AF2ECA3-FBEF-40D3-8713-300ABFD45C56}"
EndProject
Project("{FAE04EC0-301F-11D3-BF4B-00C04F79EFBC}") = "HtmlLabel.Forms.Plugin.Tests.App.iOS", "..\tests\HtmlLabel.Forms.Plugin.Tests.App\HtmlLabel.Forms.Plugin.Tests.App.iOS\HtmlLabel.Forms.Plugin.Tests.App.iOS.csproj", "{E43D8E9D-9065-4266-BC87-D00045242F99}"
EndProject
Project("{9A19103F-16F7-4668-BE54-9A1E7A4F7556}") = "HtmlLabel.Forms.Plugin.Tests.App", "..\tests\HtmlLabel.Forms.Plugin.Tests.App\HtmlLabel.Forms.Plugin.Tests.App\HtmlLabel.Forms.Plugin.Tests.App.csproj", "{72BBA3A9-5705-40F1-8220-AFBED5AB0825}"
EndProject
Global
	GlobalSection(SolutionConfigurationPlatforms) = preSolution
		Ad-Hoc|Any CPU = Ad-Hoc|Any CPU
		Ad-Hoc|ARM = Ad-Hoc|ARM
		Ad-Hoc|iPhone = Ad-Hoc|iPhone
		Ad-Hoc|iPhoneSimulator = Ad-Hoc|iPhoneSimulator
		Ad-Hoc|x64 = Ad-Hoc|x64
		Ad-Hoc|x86 = Ad-Hoc|x86
		AppStore|Any CPU = AppStore|Any CPU
		AppStore|ARM = AppStore|ARM
		AppStore|iPhone = AppStore|iPhone
		AppStore|iPhoneSimulator = AppStore|iPhoneSimulator
		AppStore|x64 = AppStore|x64
		AppStore|x86 = AppStore|x86
		Debug|Any CPU = Debug|Any CPU
		Debug|ARM = Debug|ARM
		Debug|iPhone = Debug|iPhone
		Debug|iPhoneSimulator = Debug|iPhoneSimulator
		Debug|x64 = Debug|x64
		Debug|x86 = Debug|x86
		Release|Any CPU = Release|Any CPU
		Release|ARM = Release|ARM
		Release|iPhone = Release|iPhone
		Release|iPhoneSimulator = Release|iPhoneSimulator
		Release|x64 = Release|x64
		Release|x86 = Release|x86
	EndGlobalSection
	GlobalSection(ProjectConfigurationPlatforms) = postSolution
		{1FAB52AD-F3BA-423C-AFA1-E21700AA96F4}.Ad-Hoc|Any CPU.ActiveCfg = Debug|Any CPU
		{1FAB52AD-F3BA-423C-AFA1-E21700AA96F4}.Ad-Hoc|Any CPU.Build.0 = Debug|Any CPU
		{1FAB52AD-F3BA-423C-AFA1-E21700AA96F4}.Ad-Hoc|ARM.ActiveCfg = Debug|Any CPU
		{1FAB52AD-F3BA-423C-AFA1-E21700AA96F4}.Ad-Hoc|ARM.Build.0 = Debug|Any CPU
		{1FAB52AD-F3BA-423C-AFA1-E21700AA96F4}.Ad-Hoc|iPhone.ActiveCfg = Debug|Any CPU
		{1FAB52AD-F3BA-423C-AFA1-E21700AA96F4}.Ad-Hoc|iPhone.Build.0 = Debug|Any CPU
		{1FAB52AD-F3BA-423C-AFA1-E21700AA96F4}.Ad-Hoc|iPhoneSimulator.ActiveCfg = Debug|Any CPU
		{1FAB52AD-F3BA-423C-AFA1-E21700AA96F4}.Ad-Hoc|iPhoneSimulator.Build.0 = Debug|Any CPU
		{1FAB52AD-F3BA-423C-AFA1-E21700AA96F4}.Ad-Hoc|x64.ActiveCfg = Debug|Any CPU
		{1FAB52AD-F3BA-423C-AFA1-E21700AA96F4}.Ad-Hoc|x64.Build.0 = Debug|Any CPU
		{1FAB52AD-F3BA-423C-AFA1-E21700AA96F4}.Ad-Hoc|x86.ActiveCfg = Debug|Any CPU
		{1FAB52AD-F3BA-423C-AFA1-E21700AA96F4}.Ad-Hoc|x86.Build.0 = Debug|Any CPU
		{1FAB52AD-F3BA-423C-AFA1-E21700AA96F4}.AppStore|Any CPU.ActiveCfg = Debug|Any CPU
		{1FAB52AD-F3BA-423C-AFA1-E21700AA96F4}.AppStore|Any CPU.Build.0 = Debug|Any CPU
		{1FAB52AD-F3BA-423C-AFA1-E21700AA96F4}.AppStore|ARM.ActiveCfg = Debug|Any CPU
		{1FAB52AD-F3BA-423C-AFA1-E21700AA96F4}.AppStore|ARM.Build.0 = Debug|Any CPU
		{1FAB52AD-F3BA-423C-AFA1-E21700AA96F4}.AppStore|iPhone.ActiveCfg = Debug|Any CPU
		{1FAB52AD-F3BA-423C-AFA1-E21700AA96F4}.AppStore|iPhone.Build.0 = Debug|Any CPU
		{1FAB52AD-F3BA-423C-AFA1-E21700AA96F4}.AppStore|iPhoneSimulator.ActiveCfg = Debug|Any CPU
		{1FAB52AD-F3BA-423C-AFA1-E21700AA96F4}.AppStore|iPhoneSimulator.Build.0 = Debug|Any CPU
		{1FAB52AD-F3BA-423C-AFA1-E21700AA96F4}.AppStore|x64.ActiveCfg = Debug|Any CPU
		{1FAB52AD-F3BA-423C-AFA1-E21700AA96F4}.AppStore|x64.Build.0 = Debug|Any CPU
		{1FAB52AD-F3BA-423C-AFA1-E21700AA96F4}.AppStore|x86.ActiveCfg = Debug|Any CPU
		{1FAB52AD-F3BA-423C-AFA1-E21700AA96F4}.AppStore|x86.Build.0 = Debug|Any CPU
		{1FAB52AD-F3BA-423C-AFA1-E21700AA96F4}.Debug|Any CPU.ActiveCfg = Debug|Any CPU
		{1FAB52AD-F3BA-423C-AFA1-E21700AA96F4}.Debug|Any CPU.Build.0 = Debug|Any CPU
		{1FAB52AD-F3BA-423C-AFA1-E21700AA96F4}.Debug|ARM.ActiveCfg = Debug|Any CPU
		{1FAB52AD-F3BA-423C-AFA1-E21700AA96F4}.Debug|ARM.Build.0 = Debug|Any CPU
		{1FAB52AD-F3BA-423C-AFA1-E21700AA96F4}.Debug|iPhone.ActiveCfg = Debug|Any CPU
		{1FAB52AD-F3BA-423C-AFA1-E21700AA96F4}.Debug|iPhone.Build.0 = Debug|Any CPU
		{1FAB52AD-F3BA-423C-AFA1-E21700AA96F4}.Debug|iPhoneSimulator.ActiveCfg = Debug|Any CPU
		{1FAB52AD-F3BA-423C-AFA1-E21700AA96F4}.Debug|iPhoneSimulator.Build.0 = Debug|Any CPU
		{1FAB52AD-F3BA-423C-AFA1-E21700AA96F4}.Debug|x64.ActiveCfg = Debug|Any CPU
		{1FAB52AD-F3BA-423C-AFA1-E21700AA96F4}.Debug|x64.Build.0 = Debug|Any CPU
		{1FAB52AD-F3BA-423C-AFA1-E21700AA96F4}.Debug|x86.ActiveCfg = Debug|Any CPU
		{1FAB52AD-F3BA-423C-AFA1-E21700AA96F4}.Debug|x86.Build.0 = Debug|Any CPU
		{1FAB52AD-F3BA-423C-AFA1-E21700AA96F4}.Release|Any CPU.ActiveCfg = Release|Any CPU
		{1FAB52AD-F3BA-423C-AFA1-E21700AA96F4}.Release|Any CPU.Build.0 = Release|Any CPU
		{1FAB52AD-F3BA-423C-AFA1-E21700AA96F4}.Release|ARM.ActiveCfg = Release|Any CPU
		{1FAB52AD-F3BA-423C-AFA1-E21700AA96F4}.Release|ARM.Build.0 = Release|Any CPU
		{1FAB52AD-F3BA-423C-AFA1-E21700AA96F4}.Release|iPhone.ActiveCfg = Release|Any CPU
		{1FAB52AD-F3BA-423C-AFA1-E21700AA96F4}.Release|iPhone.Build.0 = Release|Any CPU
		{1FAB52AD-F3BA-423C-AFA1-E21700AA96F4}.Release|iPhoneSimulator.ActiveCfg = Release|Any CPU
		{1FAB52AD-F3BA-423C-AFA1-E21700AA96F4}.Release|iPhoneSimulator.Build.0 = Release|Any CPU
		{1FAB52AD-F3BA-423C-AFA1-E21700AA96F4}.Release|x64.ActiveCfg = Release|Any CPU
		{1FAB52AD-F3BA-423C-AFA1-E21700AA96F4}.Release|x64.Build.0 = Release|Any CPU
		{1FAB52AD-F3BA-423C-AFA1-E21700AA96F4}.Release|x86.ActiveCfg = Release|Any CPU
		{1FAB52AD-F3BA-423C-AFA1-E21700AA96F4}.Release|x86.Build.0 = Release|Any CPU
		{BE222A4C-7B82-4553-8C46-3BE65A4AE91D}.Ad-Hoc|Any CPU.ActiveCfg = Debug|Any CPU
		{BE222A4C-7B82-4553-8C46-3BE65A4AE91D}.Ad-Hoc|Any CPU.Build.0 = Debug|Any CPU
		{BE222A4C-7B82-4553-8C46-3BE65A4AE91D}.Ad-Hoc|ARM.ActiveCfg = Debug|Any CPU
		{BE222A4C-7B82-4553-8C46-3BE65A4AE91D}.Ad-Hoc|ARM.Build.0 = Debug|Any CPU
		{BE222A4C-7B82-4553-8C46-3BE65A4AE91D}.Ad-Hoc|iPhone.ActiveCfg = Debug|Any CPU
		{BE222A4C-7B82-4553-8C46-3BE65A4AE91D}.Ad-Hoc|iPhone.Build.0 = Debug|Any CPU
		{BE222A4C-7B82-4553-8C46-3BE65A4AE91D}.Ad-Hoc|iPhoneSimulator.ActiveCfg = Debug|Any CPU
		{BE222A4C-7B82-4553-8C46-3BE65A4AE91D}.Ad-Hoc|iPhoneSimulator.Build.0 = Debug|Any CPU
		{BE222A4C-7B82-4553-8C46-3BE65A4AE91D}.Ad-Hoc|x64.ActiveCfg = Debug|Any CPU
		{BE222A4C-7B82-4553-8C46-3BE65A4AE91D}.Ad-Hoc|x64.Build.0 = Debug|Any CPU
		{BE222A4C-7B82-4553-8C46-3BE65A4AE91D}.Ad-Hoc|x86.ActiveCfg = Debug|Any CPU
		{BE222A4C-7B82-4553-8C46-3BE65A4AE91D}.Ad-Hoc|x86.Build.0 = Debug|Any CPU
		{BE222A4C-7B82-4553-8C46-3BE65A4AE91D}.AppStore|Any CPU.ActiveCfg = Debug|Any CPU
		{BE222A4C-7B82-4553-8C46-3BE65A4AE91D}.AppStore|Any CPU.Build.0 = Debug|Any CPU
		{BE222A4C-7B82-4553-8C46-3BE65A4AE91D}.AppStore|ARM.ActiveCfg = Debug|Any CPU
		{BE222A4C-7B82-4553-8C46-3BE65A4AE91D}.AppStore|ARM.Build.0 = Debug|Any CPU
		{BE222A4C-7B82-4553-8C46-3BE65A4AE91D}.AppStore|iPhone.ActiveCfg = Debug|Any CPU
		{BE222A4C-7B82-4553-8C46-3BE65A4AE91D}.AppStore|iPhone.Build.0 = Debug|Any CPU
		{BE222A4C-7B82-4553-8C46-3BE65A4AE91D}.AppStore|iPhoneSimulator.ActiveCfg = Debug|Any CPU
		{BE222A4C-7B82-4553-8C46-3BE65A4AE91D}.AppStore|iPhoneSimulator.Build.0 = Debug|Any CPU
		{BE222A4C-7B82-4553-8C46-3BE65A4AE91D}.AppStore|x64.ActiveCfg = Debug|Any CPU
		{BE222A4C-7B82-4553-8C46-3BE65A4AE91D}.AppStore|x64.Build.0 = Debug|Any CPU
		{BE222A4C-7B82-4553-8C46-3BE65A4AE91D}.AppStore|x86.ActiveCfg = Debug|Any CPU
		{BE222A4C-7B82-4553-8C46-3BE65A4AE91D}.AppStore|x86.Build.0 = Debug|Any CPU
		{BE222A4C-7B82-4553-8C46-3BE65A4AE91D}.Debug|Any CPU.ActiveCfg = Debug|Any CPU
		{BE222A4C-7B82-4553-8C46-3BE65A4AE91D}.Debug|Any CPU.Build.0 = Debug|Any CPU
		{BE222A4C-7B82-4553-8C46-3BE65A4AE91D}.Debug|ARM.ActiveCfg = Debug|Any CPU
		{BE222A4C-7B82-4553-8C46-3BE65A4AE91D}.Debug|ARM.Build.0 = Debug|Any CPU
		{BE222A4C-7B82-4553-8C46-3BE65A4AE91D}.Debug|iPhone.ActiveCfg = Debug|Any CPU
		{BE222A4C-7B82-4553-8C46-3BE65A4AE91D}.Debug|iPhone.Build.0 = Debug|Any CPU
		{BE222A4C-7B82-4553-8C46-3BE65A4AE91D}.Debug|iPhoneSimulator.ActiveCfg = Debug|Any CPU
		{BE222A4C-7B82-4553-8C46-3BE65A4AE91D}.Debug|iPhoneSimulator.Build.0 = Debug|Any CPU
		{BE222A4C-7B82-4553-8C46-3BE65A4AE91D}.Debug|x64.ActiveCfg = Debug|Any CPU
		{BE222A4C-7B82-4553-8C46-3BE65A4AE91D}.Debug|x64.Build.0 = Debug|Any CPU
		{BE222A4C-7B82-4553-8C46-3BE65A4AE91D}.Debug|x86.ActiveCfg = Debug|Any CPU
		{BE222A4C-7B82-4553-8C46-3BE65A4AE91D}.Debug|x86.Build.0 = Debug|Any CPU
		{BE222A4C-7B82-4553-8C46-3BE65A4AE91D}.Release|Any CPU.ActiveCfg = Release|Any CPU
		{BE222A4C-7B82-4553-8C46-3BE65A4AE91D}.Release|Any CPU.Build.0 = Release|Any CPU
		{BE222A4C-7B82-4553-8C46-3BE65A4AE91D}.Release|ARM.ActiveCfg = Release|Any CPU
		{BE222A4C-7B82-4553-8C46-3BE65A4AE91D}.Release|ARM.Build.0 = Release|Any CPU
		{BE222A4C-7B82-4553-8C46-3BE65A4AE91D}.Release|iPhone.ActiveCfg = Release|Any CPU
		{BE222A4C-7B82-4553-8C46-3BE65A4AE91D}.Release|iPhone.Build.0 = Release|Any CPU
		{BE222A4C-7B82-4553-8C46-3BE65A4AE91D}.Release|iPhoneSimulator.ActiveCfg = Release|Any CPU
		{BE222A4C-7B82-4553-8C46-3BE65A4AE91D}.Release|iPhoneSimulator.Build.0 = Release|Any CPU
		{BE222A4C-7B82-4553-8C46-3BE65A4AE91D}.Release|x64.ActiveCfg = Release|Any CPU
		{BE222A4C-7B82-4553-8C46-3BE65A4AE91D}.Release|x64.Build.0 = Release|Any CPU
		{BE222A4C-7B82-4553-8C46-3BE65A4AE91D}.Release|x86.ActiveCfg = Release|Any CPU
		{BE222A4C-7B82-4553-8C46-3BE65A4AE91D}.Release|x86.Build.0 = Release|Any CPU
		{1B4B1D5A-22AF-4EF8-B74D-B081BFDE6A29}.Ad-Hoc|Any CPU.ActiveCfg = Release|x86
		{1B4B1D5A-22AF-4EF8-B74D-B081BFDE6A29}.Ad-Hoc|Any CPU.Build.0 = Release|x86
		{1B4B1D5A-22AF-4EF8-B74D-B081BFDE6A29}.Ad-Hoc|Any CPU.Deploy.0 = Release|x86
		{1B4B1D5A-22AF-4EF8-B74D-B081BFDE6A29}.Ad-Hoc|ARM.ActiveCfg = Release|ARM
		{1B4B1D5A-22AF-4EF8-B74D-B081BFDE6A29}.Ad-Hoc|ARM.Build.0 = Release|ARM
		{1B4B1D5A-22AF-4EF8-B74D-B081BFDE6A29}.Ad-Hoc|ARM.Deploy.0 = Release|ARM
		{1B4B1D5A-22AF-4EF8-B74D-B081BFDE6A29}.Ad-Hoc|iPhone.ActiveCfg = Release|x86
		{1B4B1D5A-22AF-4EF8-B74D-B081BFDE6A29}.Ad-Hoc|iPhone.Build.0 = Release|x86
		{1B4B1D5A-22AF-4EF8-B74D-B081BFDE6A29}.Ad-Hoc|iPhone.Deploy.0 = Release|x86
		{1B4B1D5A-22AF-4EF8-B74D-B081BFDE6A29}.Ad-Hoc|iPhoneSimulator.ActiveCfg = Release|x86
		{1B4B1D5A-22AF-4EF8-B74D-B081BFDE6A29}.Ad-Hoc|iPhoneSimulator.Build.0 = Release|x86
		{1B4B1D5A-22AF-4EF8-B74D-B081BFDE6A29}.Ad-Hoc|iPhoneSimulator.Deploy.0 = Release|x86
		{1B4B1D5A-22AF-4EF8-B74D-B081BFDE6A29}.Ad-Hoc|x64.ActiveCfg = Release|x64
		{1B4B1D5A-22AF-4EF8-B74D-B081BFDE6A29}.Ad-Hoc|x64.Build.0 = Release|x64
		{1B4B1D5A-22AF-4EF8-B74D-B081BFDE6A29}.Ad-Hoc|x64.Deploy.0 = Release|x64
		{1B4B1D5A-22AF-4EF8-B74D-B081BFDE6A29}.Ad-Hoc|x86.ActiveCfg = Release|x86
		{1B4B1D5A-22AF-4EF8-B74D-B081BFDE6A29}.Ad-Hoc|x86.Build.0 = Release|x86
		{1B4B1D5A-22AF-4EF8-B74D-B081BFDE6A29}.Ad-Hoc|x86.Deploy.0 = Release|x86
		{1B4B1D5A-22AF-4EF8-B74D-B081BFDE6A29}.AppStore|Any CPU.ActiveCfg = Release|x86
		{1B4B1D5A-22AF-4EF8-B74D-B081BFDE6A29}.AppStore|Any CPU.Build.0 = Release|x86
		{1B4B1D5A-22AF-4EF8-B74D-B081BFDE6A29}.AppStore|Any CPU.Deploy.0 = Release|x86
		{1B4B1D5A-22AF-4EF8-B74D-B081BFDE6A29}.AppStore|ARM.ActiveCfg = Release|ARM
		{1B4B1D5A-22AF-4EF8-B74D-B081BFDE6A29}.AppStore|ARM.Build.0 = Release|ARM
		{1B4B1D5A-22AF-4EF8-B74D-B081BFDE6A29}.AppStore|ARM.Deploy.0 = Release|ARM
		{1B4B1D5A-22AF-4EF8-B74D-B081BFDE6A29}.AppStore|iPhone.ActiveCfg = Release|x86
		{1B4B1D5A-22AF-4EF8-B74D-B081BFDE6A29}.AppStore|iPhone.Build.0 = Release|x86
		{1B4B1D5A-22AF-4EF8-B74D-B081BFDE6A29}.AppStore|iPhone.Deploy.0 = Release|x86
		{1B4B1D5A-22AF-4EF8-B74D-B081BFDE6A29}.AppStore|iPhoneSimulator.ActiveCfg = Release|x86
		{1B4B1D5A-22AF-4EF8-B74D-B081BFDE6A29}.AppStore|iPhoneSimulator.Build.0 = Release|x86
		{1B4B1D5A-22AF-4EF8-B74D-B081BFDE6A29}.AppStore|iPhoneSimulator.Deploy.0 = Release|x86
		{1B4B1D5A-22AF-4EF8-B74D-B081BFDE6A29}.AppStore|x64.ActiveCfg = Release|x64
		{1B4B1D5A-22AF-4EF8-B74D-B081BFDE6A29}.AppStore|x64.Build.0 = Release|x64
		{1B4B1D5A-22AF-4EF8-B74D-B081BFDE6A29}.AppStore|x64.Deploy.0 = Release|x64
		{1B4B1D5A-22AF-4EF8-B74D-B081BFDE6A29}.AppStore|x86.ActiveCfg = Release|x86
		{1B4B1D5A-22AF-4EF8-B74D-B081BFDE6A29}.AppStore|x86.Build.0 = Release|x86
		{1B4B1D5A-22AF-4EF8-B74D-B081BFDE6A29}.AppStore|x86.Deploy.0 = Release|x86
		{1B4B1D5A-22AF-4EF8-B74D-B081BFDE6A29}.Debug|Any CPU.ActiveCfg = Debug|x86
		{1B4B1D5A-22AF-4EF8-B74D-B081BFDE6A29}.Debug|ARM.ActiveCfg = Debug|ARM
		{1B4B1D5A-22AF-4EF8-B74D-B081BFDE6A29}.Debug|ARM.Build.0 = Debug|ARM
		{1B4B1D5A-22AF-4EF8-B74D-B081BFDE6A29}.Debug|ARM.Deploy.0 = Debug|ARM
		{1B4B1D5A-22AF-4EF8-B74D-B081BFDE6A29}.Debug|iPhone.ActiveCfg = Debug|x86
		{1B4B1D5A-22AF-4EF8-B74D-B081BFDE6A29}.Debug|iPhoneSimulator.ActiveCfg = Debug|x86
		{1B4B1D5A-22AF-4EF8-B74D-B081BFDE6A29}.Debug|x64.ActiveCfg = Debug|x64
		{1B4B1D5A-22AF-4EF8-B74D-B081BFDE6A29}.Debug|x64.Build.0 = Debug|x64
		{1B4B1D5A-22AF-4EF8-B74D-B081BFDE6A29}.Debug|x64.Deploy.0 = Debug|x64
		{1B4B1D5A-22AF-4EF8-B74D-B081BFDE6A29}.Debug|x86.ActiveCfg = Debug|x86
		{1B4B1D5A-22AF-4EF8-B74D-B081BFDE6A29}.Debug|x86.Build.0 = Debug|x86
		{1B4B1D5A-22AF-4EF8-B74D-B081BFDE6A29}.Debug|x86.Deploy.0 = Debug|x86
		{1B4B1D5A-22AF-4EF8-B74D-B081BFDE6A29}.Release|Any CPU.ActiveCfg = Release|x86
		{1B4B1D5A-22AF-4EF8-B74D-B081BFDE6A29}.Release|ARM.ActiveCfg = Release|ARM
		{1B4B1D5A-22AF-4EF8-B74D-B081BFDE6A29}.Release|ARM.Build.0 = Release|ARM
		{1B4B1D5A-22AF-4EF8-B74D-B081BFDE6A29}.Release|ARM.Deploy.0 = Release|ARM
		{1B4B1D5A-22AF-4EF8-B74D-B081BFDE6A29}.Release|iPhone.ActiveCfg = Release|x86
		{1B4B1D5A-22AF-4EF8-B74D-B081BFDE6A29}.Release|iPhoneSimulator.ActiveCfg = Release|x86
		{1B4B1D5A-22AF-4EF8-B74D-B081BFDE6A29}.Release|x64.ActiveCfg = Release|x64
		{1B4B1D5A-22AF-4EF8-B74D-B081BFDE6A29}.Release|x64.Build.0 = Release|x64
		{1B4B1D5A-22AF-4EF8-B74D-B081BFDE6A29}.Release|x64.Deploy.0 = Release|x64
		{1B4B1D5A-22AF-4EF8-B74D-B081BFDE6A29}.Release|x86.ActiveCfg = Release|x86
		{1B4B1D5A-22AF-4EF8-B74D-B081BFDE6A29}.Release|x86.Build.0 = Release|x86
		{1B4B1D5A-22AF-4EF8-B74D-B081BFDE6A29}.Release|x86.Deploy.0 = Release|x86
		{9AF2ECA3-FBEF-40D3-8713-300ABFD45C56}.Ad-Hoc|Any CPU.ActiveCfg = Release|Any CPU
		{9AF2ECA3-FBEF-40D3-8713-300ABFD45C56}.Ad-Hoc|Any CPU.Build.0 = Release|Any CPU
		{9AF2ECA3-FBEF-40D3-8713-300ABFD45C56}.Ad-Hoc|Any CPU.Deploy.0 = Release|Any CPU
		{9AF2ECA3-FBEF-40D3-8713-300ABFD45C56}.Ad-Hoc|ARM.ActiveCfg = Release|Any CPU
		{9AF2ECA3-FBEF-40D3-8713-300ABFD45C56}.Ad-Hoc|ARM.Build.0 = Release|Any CPU
		{9AF2ECA3-FBEF-40D3-8713-300ABFD45C56}.Ad-Hoc|ARM.Deploy.0 = Release|Any CPU
		{9AF2ECA3-FBEF-40D3-8713-300ABFD45C56}.Ad-Hoc|iPhone.ActiveCfg = Release|Any CPU
		{9AF2ECA3-FBEF-40D3-8713-300ABFD45C56}.Ad-Hoc|iPhone.Build.0 = Release|Any CPU
		{9AF2ECA3-FBEF-40D3-8713-300ABFD45C56}.Ad-Hoc|iPhone.Deploy.0 = Release|Any CPU
		{9AF2ECA3-FBEF-40D3-8713-300ABFD45C56}.Ad-Hoc|iPhoneSimulator.ActiveCfg = Release|Any CPU
		{9AF2ECA3-FBEF-40D3-8713-300ABFD45C56}.Ad-Hoc|iPhoneSimulator.Build.0 = Release|Any CPU
		{9AF2ECA3-FBEF-40D3-8713-300ABFD45C56}.Ad-Hoc|iPhoneSimulator.Deploy.0 = Release|Any CPU
		{9AF2ECA3-FBEF-40D3-8713-300ABFD45C56}.Ad-Hoc|x64.ActiveCfg = Release|Any CPU
		{9AF2ECA3-FBEF-40D3-8713-300ABFD45C56}.Ad-Hoc|x64.Build.0 = Release|Any CPU
		{9AF2ECA3-FBEF-40D3-8713-300ABFD45C56}.Ad-Hoc|x64.Deploy.0 = Release|Any CPU
		{9AF2ECA3-FBEF-40D3-8713-300ABFD45C56}.Ad-Hoc|x86.ActiveCfg = Release|Any CPU
		{9AF2ECA3-FBEF-40D3-8713-300ABFD45C56}.Ad-Hoc|x86.Build.0 = Release|Any CPU
		{9AF2ECA3-FBEF-40D3-8713-300ABFD45C56}.Ad-Hoc|x86.Deploy.0 = Release|Any CPU
		{9AF2ECA3-FBEF-40D3-8713-300ABFD45C56}.AppStore|Any CPU.ActiveCfg = Release|Any CPU
		{9AF2ECA3-FBEF-40D3-8713-300ABFD45C56}.AppStore|Any CPU.Build.0 = Release|Any CPU
		{9AF2ECA3-FBEF-40D3-8713-300ABFD45C56}.AppStore|Any CPU.Deploy.0 = Release|Any CPU
		{9AF2ECA3-FBEF-40D3-8713-300ABFD45C56}.AppStore|ARM.ActiveCfg = Release|Any CPU
		{9AF2ECA3-FBEF-40D3-8713-300ABFD45C56}.AppStore|ARM.Build.0 = Release|Any CPU
		{9AF2ECA3-FBEF-40D3-8713-300ABFD45C56}.AppStore|ARM.Deploy.0 = Release|Any CPU
		{9AF2ECA3-FBEF-40D3-8713-300ABFD45C56}.AppStore|iPhone.ActiveCfg = Release|Any CPU
		{9AF2ECA3-FBEF-40D3-8713-300ABFD45C56}.AppStore|iPhone.Build.0 = Release|Any CPU
		{9AF2ECA3-FBEF-40D3-8713-300ABFD45C56}.AppStore|iPhone.Deploy.0 = Release|Any CPU
		{9AF2ECA3-FBEF-40D3-8713-300ABFD45C56}.AppStore|iPhoneSimulator.ActiveCfg = Release|Any CPU
		{9AF2ECA3-FBEF-40D3-8713-300ABFD45C56}.AppStore|iPhoneSimulator.Build.0 = Release|Any CPU
		{9AF2ECA3-FBEF-40D3-8713-300ABFD45C56}.AppStore|iPhoneSimulator.Deploy.0 = Release|Any CPU
		{9AF2ECA3-FBEF-40D3-8713-300ABFD45C56}.AppStore|x64.ActiveCfg = Release|Any CPU
		{9AF2ECA3-FBEF-40D3-8713-300ABFD45C56}.AppStore|x64.Build.0 = Release|Any CPU
		{9AF2ECA3-FBEF-40D3-8713-300ABFD45C56}.AppStore|x64.Deploy.0 = Release|Any CPU
		{9AF2ECA3-FBEF-40D3-8713-300ABFD45C56}.AppStore|x86.ActiveCfg = Release|Any CPU
		{9AF2ECA3-FBEF-40D3-8713-300ABFD45C56}.AppStore|x86.Build.0 = Release|Any CPU
		{9AF2ECA3-FBEF-40D3-8713-300ABFD45C56}.AppStore|x86.Deploy.0 = Release|Any CPU
		{9AF2ECA3-FBEF-40D3-8713-300ABFD45C56}.Debug|Any CPU.ActiveCfg = Debug|Any CPU
		{9AF2ECA3-FBEF-40D3-8713-300ABFD45C56}.Debug|Any CPU.Build.0 = Debug|Any CPU
		{9AF2ECA3-FBEF-40D3-8713-300ABFD45C56}.Debug|Any CPU.Deploy.0 = Debug|Any CPU
		{9AF2ECA3-FBEF-40D3-8713-300ABFD45C56}.Debug|ARM.ActiveCfg = Debug|Any CPU
		{9AF2ECA3-FBEF-40D3-8713-300ABFD45C56}.Debug|ARM.Build.0 = Debug|Any CPU
		{9AF2ECA3-FBEF-40D3-8713-300ABFD45C56}.Debug|ARM.Deploy.0 = Debug|Any CPU
		{9AF2ECA3-FBEF-40D3-8713-300ABFD45C56}.Debug|iPhone.ActiveCfg = Debug|Any CPU
		{9AF2ECA3-FBEF-40D3-8713-300ABFD45C56}.Debug|iPhone.Build.0 = Debug|Any CPU
		{9AF2ECA3-FBEF-40D3-8713-300ABFD45C56}.Debug|iPhone.Deploy.0 = Debug|Any CPU
		{9AF2ECA3-FBEF-40D3-8713-300ABFD45C56}.Debug|iPhoneSimulator.ActiveCfg = Debug|Any CPU
		{9AF2ECA3-FBEF-40D3-8713-300ABFD45C56}.Debug|iPhoneSimulator.Build.0 = Debug|Any CPU
		{9AF2ECA3-FBEF-40D3-8713-300ABFD45C56}.Debug|iPhoneSimulator.Deploy.0 = Debug|Any CPU
		{9AF2ECA3-FBEF-40D3-8713-300ABFD45C56}.Debug|x64.ActiveCfg = Debug|Any CPU
		{9AF2ECA3-FBEF-40D3-8713-300ABFD45C56}.Debug|x64.Build.0 = Debug|Any CPU
		{9AF2ECA3-FBEF-40D3-8713-300ABFD45C56}.Debug|x64.Deploy.0 = Debug|Any CPU
		{9AF2ECA3-FBEF-40D3-8713-300ABFD45C56}.Debug|x86.ActiveCfg = Debug|Any CPU
		{9AF2ECA3-FBEF-40D3-8713-300ABFD45C56}.Debug|x86.Build.0 = Debug|Any CPU
		{9AF2ECA3-FBEF-40D3-8713-300ABFD45C56}.Debug|x86.Deploy.0 = Debug|Any CPU
		{9AF2ECA3-FBEF-40D3-8713-300ABFD45C56}.Release|Any CPU.ActiveCfg = Release|Any CPU
		{9AF2ECA3-FBEF-40D3-8713-300ABFD45C56}.Release|Any CPU.Build.0 = Release|Any CPU
		{9AF2ECA3-FBEF-40D3-8713-300ABFD45C56}.Release|Any CPU.Deploy.0 = Release|Any CPU
		{9AF2ECA3-FBEF-40D3-8713-300ABFD45C56}.Release|ARM.ActiveCfg = Release|Any CPU
		{9AF2ECA3-FBEF-40D3-8713-300ABFD45C56}.Release|ARM.Build.0 = Release|Any CPU
		{9AF2ECA3-FBEF-40D3-8713-300ABFD45C56}.Release|ARM.Deploy.0 = Release|Any CPU
		{9AF2ECA3-FBEF-40D3-8713-300ABFD45C56}.Release|iPhone.ActiveCfg = Release|Any CPU
		{9AF2ECA3-FBEF-40D3-8713-300ABFD45C56}.Release|iPhone.Build.0 = Release|Any CPU
		{9AF2ECA3-FBEF-40D3-8713-300ABFD45C56}.Release|iPhone.Deploy.0 = Release|Any CPU
		{9AF2ECA3-FBEF-40D3-8713-300ABFD45C56}.Release|iPhoneSimulator.ActiveCfg = Release|Any CPU
		{9AF2ECA3-FBEF-40D3-8713-300ABFD45C56}.Release|iPhoneSimulator.Build.0 = Release|Any CPU
		{9AF2ECA3-FBEF-40D3-8713-300ABFD45C56}.Release|iPhoneSimulator.Deploy.0 = Release|Any CPU
		{9AF2ECA3-FBEF-40D3-8713-300ABFD45C56}.Release|x64.ActiveCfg = Release|Any CPU
		{9AF2ECA3-FBEF-40D3-8713-300ABFD45C56}.Release|x64.Build.0 = Release|Any CPU
		{9AF2ECA3-FBEF-40D3-8713-300ABFD45C56}.Release|x64.Deploy.0 = Release|Any CPU
		{9AF2ECA3-FBEF-40D3-8713-300ABFD45C56}.Release|x86.ActiveCfg = Release|Any CPU
		{9AF2ECA3-FBEF-40D3-8713-300ABFD45C56}.Release|x86.Build.0 = Release|Any CPU
		{9AF2ECA3-FBEF-40D3-8713-300ABFD45C56}.Release|x86.Deploy.0 = Release|Any CPU
		{E43D8E9D-9065-4266-BC87-D00045242F99}.Ad-Hoc|Any CPU.ActiveCfg = Release|iPhone
		{E43D8E9D-9065-4266-BC87-D00045242F99}.Ad-Hoc|Any CPU.Build.0 = Release|iPhone
		{E43D8E9D-9065-4266-BC87-D00045242F99}.Ad-Hoc|ARM.ActiveCfg = Release|iPhone
		{E43D8E9D-9065-4266-BC87-D00045242F99}.Ad-Hoc|ARM.Build.0 = Release|iPhone
		{E43D8E9D-9065-4266-BC87-D00045242F99}.Ad-Hoc|iPhone.ActiveCfg = Release|iPhone
		{E43D8E9D-9065-4266-BC87-D00045242F99}.Ad-Hoc|iPhone.Build.0 = Release|iPhone
		{E43D8E9D-9065-4266-BC87-D00045242F99}.Ad-Hoc|iPhoneSimulator.ActiveCfg = Release|iPhoneSimulator
		{E43D8E9D-9065-4266-BC87-D00045242F99}.Ad-Hoc|iPhoneSimulator.Build.0 = Release|iPhoneSimulator
		{E43D8E9D-9065-4266-BC87-D00045242F99}.Ad-Hoc|x64.ActiveCfg = Release|iPhone
		{E43D8E9D-9065-4266-BC87-D00045242F99}.Ad-Hoc|x64.Build.0 = Release|iPhone
		{E43D8E9D-9065-4266-BC87-D00045242F99}.Ad-Hoc|x86.ActiveCfg = Release|iPhone
		{E43D8E9D-9065-4266-BC87-D00045242F99}.Ad-Hoc|x86.Build.0 = Release|iPhone
		{E43D8E9D-9065-4266-BC87-D00045242F99}.AppStore|Any CPU.ActiveCfg = Release|iPhone
		{E43D8E9D-9065-4266-BC87-D00045242F99}.AppStore|Any CPU.Build.0 = Release|iPhone
		{E43D8E9D-9065-4266-BC87-D00045242F99}.AppStore|ARM.ActiveCfg = Release|iPhone
		{E43D8E9D-9065-4266-BC87-D00045242F99}.AppStore|ARM.Build.0 = Release|iPhone
		{E43D8E9D-9065-4266-BC87-D00045242F99}.AppStore|iPhone.ActiveCfg = Release|iPhone
		{E43D8E9D-9065-4266-BC87-D00045242F99}.AppStore|iPhone.Build.0 = Release|iPhone
		{E43D8E9D-9065-4266-BC87-D00045242F99}.AppStore|iPhoneSimulator.ActiveCfg = Release|iPhoneSimulator
		{E43D8E9D-9065-4266-BC87-D00045242F99}.AppStore|iPhoneSimulator.Build.0 = Release|iPhoneSimulator
		{E43D8E9D-9065-4266-BC87-D00045242F99}.AppStore|x64.ActiveCfg = Release|iPhone
		{E43D8E9D-9065-4266-BC87-D00045242F99}.AppStore|x64.Build.0 = Release|iPhone
		{E43D8E9D-9065-4266-BC87-D00045242F99}.AppStore|x86.ActiveCfg = Release|iPhone
		{E43D8E9D-9065-4266-BC87-D00045242F99}.AppStore|x86.Build.0 = Release|iPhone
		{E43D8E9D-9065-4266-BC87-D00045242F99}.Debug|Any CPU.ActiveCfg = Debug|iPhone
		{E43D8E9D-9065-4266-BC87-D00045242F99}.Debug|ARM.ActiveCfg = Debug|iPhone
		{E43D8E9D-9065-4266-BC87-D00045242F99}.Debug|iPhone.ActiveCfg = Debug|iPhone
		{E43D8E9D-9065-4266-BC87-D00045242F99}.Debug|iPhone.Build.0 = Debug|iPhone
		{E43D8E9D-9065-4266-BC87-D00045242F99}.Debug|iPhoneSimulator.ActiveCfg = Debug|iPhoneSimulator
		{E43D8E9D-9065-4266-BC87-D00045242F99}.Debug|iPhoneSimulator.Build.0 = Debug|iPhoneSimulator
		{E43D8E9D-9065-4266-BC87-D00045242F99}.Debug|x64.ActiveCfg = Debug|iPhone
		{E43D8E9D-9065-4266-BC87-D00045242F99}.Debug|x86.ActiveCfg = Debug|iPhone
		{E43D8E9D-9065-4266-BC87-D00045242F99}.Release|Any CPU.ActiveCfg = Release|iPhone
		{E43D8E9D-9065-4266-BC87-D00045242F99}.Release|ARM.ActiveCfg = Release|iPhone
		{E43D8E9D-9065-4266-BC87-D00045242F99}.Release|iPhone.ActiveCfg = Release|iPhone
		{E43D8E9D-9065-4266-BC87-D00045242F99}.Release|iPhone.Build.0 = Release|iPhone
		{E43D8E9D-9065-4266-BC87-D00045242F99}.Release|iPhoneSimulator.ActiveCfg = Release|iPhoneSimulator
		{E43D8E9D-9065-4266-BC87-D00045242F99}.Release|iPhoneSimulator.Build.0 = Release|iPhoneSimulator
		{E43D8E9D-9065-4266-BC87-D00045242F99}.Release|x64.ActiveCfg = Release|iPhone
		{E43D8E9D-9065-4266-BC87-D00045242F99}.Release|x86.ActiveCfg = Release|iPhone
		{72BBA3A9-5705-40F1-8220-AFBED5AB0825}.Ad-Hoc|Any CPU.ActiveCfg = Debug|Any CPU
		{72BBA3A9-5705-40F1-8220-AFBED5AB0825}.Ad-Hoc|Any CPU.Build.0 = Debug|Any CPU
		{72BBA3A9-5705-40F1-8220-AFBED5AB0825}.Ad-Hoc|ARM.ActiveCfg = Debug|Any CPU
		{72BBA3A9-5705-40F1-8220-AFBED5AB0825}.Ad-Hoc|ARM.Build.0 = Debug|Any CPU
		{72BBA3A9-5705-40F1-8220-AFBED5AB0825}.Ad-Hoc|iPhone.ActiveCfg = Debug|Any CPU
		{72BBA3A9-5705-40F1-8220-AFBED5AB0825}.Ad-Hoc|iPhone.Build.0 = Debug|Any CPU
		{72BBA3A9-5705-40F1-8220-AFBED5AB0825}.Ad-Hoc|iPhoneSimulator.ActiveCfg = Debug|Any CPU
		{72BBA3A9-5705-40F1-8220-AFBED5AB0825}.Ad-Hoc|iPhoneSimulator.Build.0 = Debug|Any CPU
		{72BBA3A9-5705-40F1-8220-AFBED5AB0825}.Ad-Hoc|x64.ActiveCfg = Debug|Any CPU
		{72BBA3A9-5705-40F1-8220-AFBED5AB0825}.Ad-Hoc|x64.Build.0 = Debug|Any CPU
		{72BBA3A9-5705-40F1-8220-AFBED5AB0825}.Ad-Hoc|x86.ActiveCfg = Debug|Any CPU
		{72BBA3A9-5705-40F1-8220-AFBED5AB0825}.Ad-Hoc|x86.Build.0 = Debug|Any CPU
		{72BBA3A9-5705-40F1-8220-AFBED5AB0825}.AppStore|Any CPU.ActiveCfg = Debug|Any CPU
		{72BBA3A9-5705-40F1-8220-AFBED5AB0825}.AppStore|Any CPU.Build.0 = Debug|Any CPU
		{72BBA3A9-5705-40F1-8220-AFBED5AB0825}.AppStore|ARM.ActiveCfg = Debug|Any CPU
		{72BBA3A9-5705-40F1-8220-AFBED5AB0825}.AppStore|ARM.Build.0 = Debug|Any CPU
		{72BBA3A9-5705-40F1-8220-AFBED5AB0825}.AppStore|iPhone.ActiveCfg = Debug|Any CPU
		{72BBA3A9-5705-40F1-8220-AFBED5AB0825}.AppStore|iPhone.Build.0 = Debug|Any CPU
		{72BBA3A9-5705-40F1-8220-AFBED5AB0825}.AppStore|iPhoneSimulator.ActiveCfg = Debug|Any CPU
		{72BBA3A9-5705-40F1-8220-AFBED5AB0825}.AppStore|iPhoneSimulator.Build.0 = Debug|Any CPU
		{72BBA3A9-5705-40F1-8220-AFBED5AB0825}.AppStore|x64.ActiveCfg = Debug|Any CPU
		{72BBA3A9-5705-40F1-8220-AFBED5AB0825}.AppStore|x64.Build.0 = Debug|Any CPU
		{72BBA3A9-5705-40F1-8220-AFBED5AB0825}.AppStore|x86.ActiveCfg = Debug|Any CPU
		{72BBA3A9-5705-40F1-8220-AFBED5AB0825}.AppStore|x86.Build.0 = Debug|Any CPU
		{72BBA3A9-5705-40F1-8220-AFBED5AB0825}.Debug|Any CPU.ActiveCfg = Debug|Any CPU
		{72BBA3A9-5705-40F1-8220-AFBED5AB0825}.Debug|Any CPU.Build.0 = Debug|Any CPU
		{72BBA3A9-5705-40F1-8220-AFBED5AB0825}.Debug|ARM.ActiveCfg = Debug|Any CPU
		{72BBA3A9-5705-40F1-8220-AFBED5AB0825}.Debug|ARM.Build.0 = Debug|Any CPU
		{72BBA3A9-5705-40F1-8220-AFBED5AB0825}.Debug|iPhone.ActiveCfg = Debug|Any CPU
		{72BBA3A9-5705-40F1-8220-AFBED5AB0825}.Debug|iPhone.Build.0 = Debug|Any CPU
		{72BBA3A9-5705-40F1-8220-AFBED5AB0825}.Debug|iPhoneSimulator.ActiveCfg = Debug|Any CPU
		{72BBA3A9-5705-40F1-8220-AFBED5AB0825}.Debug|iPhoneSimulator.Build.0 = Debug|Any CPU
		{72BBA3A9-5705-40F1-8220-AFBED5AB0825}.Debug|x64.ActiveCfg = Debug|Any CPU
		{72BBA3A9-5705-40F1-8220-AFBED5AB0825}.Debug|x64.Build.0 = Debug|Any CPU
		{72BBA3A9-5705-40F1-8220-AFBED5AB0825}.Debug|x86.ActiveCfg = Debug|Any CPU
		{72BBA3A9-5705-40F1-8220-AFBED5AB0825}.Debug|x86.Build.0 = Debug|Any CPU
		{72BBA3A9-5705-40F1-8220-AFBED5AB0825}.Release|Any CPU.ActiveCfg = Release|Any CPU
		{72BBA3A9-5705-40F1-8220-AFBED5AB0825}.Release|Any CPU.Build.0 = Release|Any CPU
		{72BBA3A9-5705-40F1-8220-AFBED5AB0825}.Release|ARM.ActiveCfg = Release|Any CPU
		{72BBA3A9-5705-40F1-8220-AFBED5AB0825}.Release|ARM.Build.0 = Release|Any CPU
		{72BBA3A9-5705-40F1-8220-AFBED5AB0825}.Release|iPhone.ActiveCfg = Release|Any CPU
		{72BBA3A9-5705-40F1-8220-AFBED5AB0825}.Release|iPhone.Build.0 = Release|Any CPU
		{72BBA3A9-5705-40F1-8220-AFBED5AB0825}.Release|iPhoneSimulator.ActiveCfg = Release|Any CPU
		{72BBA3A9-5705-40F1-8220-AFBED5AB0825}.Release|iPhoneSimulator.Build.0 = Release|Any CPU
		{72BBA3A9-5705-40F1-8220-AFBED5AB0825}.Release|x64.ActiveCfg = Release|Any CPU
		{72BBA3A9-5705-40F1-8220-AFBED5AB0825}.Release|x64.Build.0 = Release|Any CPU
		{72BBA3A9-5705-40F1-8220-AFBED5AB0825}.Release|x86.ActiveCfg = Release|Any CPU
		{72BBA3A9-5705-40F1-8220-AFBED5AB0825}.Release|x86.Build.0 = Release|Any CPU
	EndGlobalSection
	GlobalSection(SolutionProperties) = preSolution
		HideSolutionNode = FALSE
	EndGlobalSection
	GlobalSection(NestedProjects) = preSolution
		{BE222A4C-7B82-4553-8C46-3BE65A4AE91D} = {27CF49C2-62D1-4162-9D66-4E903684D23C}
		{1B4B1D5A-22AF-4EF8-B74D-B081BFDE6A29} = {27CF49C2-62D1-4162-9D66-4E903684D23C}
		{9AF2ECA3-FBEF-40D3-8713-300ABFD45C56} = {27CF49C2-62D1-4162-9D66-4E903684D23C}
		{E43D8E9D-9065-4266-BC87-D00045242F99} = {27CF49C2-62D1-4162-9D66-4E903684D23C}
		{72BBA3A9-5705-40F1-8220-AFBED5AB0825} = {27CF49C2-62D1-4162-9D66-4E903684D23C}
	EndGlobalSection
	GlobalSection(ExtensibilityGlobals) = postSolution
		SolutionGuid = {94BD0FCA-480F-435F-93B4-174C90C27419}
	EndGlobalSection
EndGlobal
